// !$*UTF8*$!
{
	archiveVersion = 1;
	classes = {
	};
	objectVersion = 50;
	objects = {

/* Begin PBXBuildFile section */
		8A0172EA2487F8B100D3C160 /* MetalCube.swift in Sources */ = {isa = PBXBuildFile; fileRef = 8A0172E92487F8B100D3C160 /* MetalCube.swift */; };
		8A0172EE2488029200D3C160 /* FigureViewController.swift in Sources */ = {isa = PBXBuildFile; fileRef = 8A0172ED2488029200D3C160 /* FigureViewController.swift */; };
		8A0172F02488032100D3C160 /* MetalFigure.swift in Sources */ = {isa = PBXBuildFile; fileRef = 8A0172EF2488032100D3C160 /* MetalFigure.swift */; };
		8A0172F6248805F000D3C160 /* Shaders.metal in Sources */ = {isa = PBXBuildFile; fileRef = 8A0172F5248805F000D3C160 /* Shaders.metal */; };
		8A0172FA248809E600D3C160 /* BufferProvider.swift in Sources */ = {isa = PBXBuildFile; fileRef = 8A0172F9248809E600D3C160 /* BufferProvider.swift */; };
		8A0172FE24880A3A00D3C160 /* Light.swift in Sources */ = {isa = PBXBuildFile; fileRef = 8A0172FD24880A3A00D3C160 /* Light.swift */; };
		8A01730024880A7200D3C160 /* Vertex.swift in Sources */ = {isa = PBXBuildFile; fileRef = 8A0172FF24880A7200D3C160 /* Vertex.swift */; };
		8A01730224880B0100D3C160 /* float4x4Extensions.swift in Sources */ = {isa = PBXBuildFile; fileRef = 8A01730124880B0100D3C160 /* float4x4Extensions.swift */; };
		8A02207A248BBD8700F3A91D /* AppConstants21.swift in Sources */ = {isa = PBXBuildFile; fileRef = 8A022079248BBD8700F3A91D /* AppConstants21.swift */; };
		8A022085248BD84E00F3A91D /* Graphics21.swift in Sources */ = {isa = PBXBuildFile; fileRef = 8A022084248BD84E00F3A91D /* Graphics21.swift */; };
		8A022087248BD8D200F3A91D /* Figure21.swift in Sources */ = {isa = PBXBuildFile; fileRef = 8A022086248BD8D200F3A91D /* Figure21.swift */; };
		8A022089248BD94400F3A91D /* Visualization21.swift in Sources */ = {isa = PBXBuildFile; fileRef = 8A022088248BD94400F3A91D /* Visualization21.swift */; };
		8A02208B248BD9DB00F3A91D /* Effect21.swift in Sources */ = {isa = PBXBuildFile; fileRef = 8A02208A248BD9DB00F3A91D /* Effect21.swift */; };
		8A02208D248BE6A300F3A91D /* EmptyFigure21.swift in Sources */ = {isa = PBXBuildFile; fileRef = 8A02208C248BE6A300F3A91D /* EmptyFigure21.swift */; };
		8A02208F248BE9FA00F3A91D /* AppModel21.swift in Sources */ = {isa = PBXBuildFile; fileRef = 8A02208E248BE9FA00F3A91D /* AppModel21.swift */; };
		8A022091248BEB6400F3A91D /* Demos21.swift in Sources */ = {isa = PBXBuildFile; fileRef = 8A022090248BEB6400F3A91D /* Demos21.swift */; };
		8A022093248C594600F3A91D /* CubeFigure21.swift in Sources */ = {isa = PBXBuildFile; fileRef = 8A022092248C594600F3A91D /* CubeFigure21.swift */; };
		8A022097248D1A3000F3A91D /* Registry21.swift in Sources */ = {isa = PBXBuildFile; fileRef = 8A022096248D1A3000F3A91D /* Registry21.swift */; };
		8A131C91207160100088F2FC /* _miscNotes.txt in Resources */ = {isa = PBXBuildFile; fileRef = 8A131C90207160100088F2FC /* _miscNotes.txt */; };
		8A19E9AB2303220300880C97 /* SK2E_LogOccupation.swift in Sources */ = {isa = PBXBuildFile; fileRef = 8A19E9AA2303220300880C97 /* SK2E_LogOccupation.swift */; };
		8A19E9AD2303296100880C97 /* SurfaceOnShell.swift in Sources */ = {isa = PBXBuildFile; fileRef = 8A19E9AC2303296100880C97 /* SurfaceOnShell.swift */; };
		8A19E9AF230329D300880C97 /* SurfaceInPlane.swift in Sources */ = {isa = PBXBuildFile; fileRef = 8A19E9AE230329D300880C97 /* SurfaceInPlane.swift */; };
		8A1CF016207146510099DD97 /* AppDelegate.swift in Sources */ = {isa = PBXBuildFile; fileRef = 8A1CF015207146510099DD97 /* AppDelegate.swift */; };
		8A1CF01B207146520099DD97 /* Main.storyboard in Resources */ = {isa = PBXBuildFile; fileRef = 8A1CF019207146510099DD97 /* Main.storyboard */; };
		8A1CF01D207146540099DD97 /* Assets.xcassets in Resources */ = {isa = PBXBuildFile; fileRef = 8A1CF01C207146540099DD97 /* Assets.xcassets */; };
		8A1CF020207146540099DD97 /* LaunchScreen.storyboard in Resources */ = {isa = PBXBuildFile; fileRef = 8A1CF01E207146540099DD97 /* LaunchScreen.storyboard */; };
		8A2034DC21EB76AC00A4C418 /* ButtonWithImage.swift in Sources */ = {isa = PBXBuildFile; fileRef = 8A2034DB21EB76AC00A4C418 /* ButtonWithImage.swift */; };
		8A2034DE21EB961300A4C418 /* SK2_SecondaryViewController.swift in Sources */ = {isa = PBXBuildFile; fileRef = 8A2034DD21EB961300A4C418 /* SK2_SecondaryViewController.swift */; };
		8A2034E221ED0F4E00A4C418 /* SK1_System.swift in Sources */ = {isa = PBXBuildFile; fileRef = 8A2034E121ED0F4E00A4C418 /* SK1_System.swift */; };
		8A2034E721ED2A6000A4C418 /* SK2_System.swift in Sources */ = {isa = PBXBuildFile; fileRef = 8A2034E621ED2A6000A4C418 /* SK2_System.swift */; };
		8A2A32D720AB881600D4D619 /* WorkQueue.swift in Sources */ = {isa = PBXBuildFile; fileRef = 8A2A32D620AB881600D4D619 /* WorkQueue.swift */; };
		8A3BBBBF208BF29A00669227 /* splash.jpg in Resources */ = {isa = PBXBuildFile; fileRef = 8A3BBBBE208BF29A00669227 /* splash.jpg */; };
		8A3C45C62086278900A1E9CD /* UniformColor.swift in Sources */ = {isa = PBXBuildFile; fileRef = 8A3C45C52086278900A1E9CD /* UniformColor.swift */; };
		8A41A2F2208398E900CDDF28 /* NumericConstants.swift in Sources */ = {isa = PBXBuildFile; fileRef = 8A41A2F1208398E900CDDF28 /* NumericConstants.swift */; };
		8A41B09021F0ACA500DE38CB /* Parameters.swift in Sources */ = {isa = PBXBuildFile; fileRef = 8A41B08F21F0ACA500DE38CB /* Parameters.swift */; };
		8A41B09C21F357F600DE38CB /* FigureSelectionViewController.swift in Sources */ = {isa = PBXBuildFile; fileRef = 8A41B09B21F357F600DE38CB /* FigureSelectionViewController.swift */; };
		8A4654C021E8E38300EE2B26 /* PhysicalSystem.swift in Sources */ = {isa = PBXBuildFile; fileRef = 8A4654BF21E8E38300EE2B26 /* PhysicalSystem.swift */; };
		8A53B2A1208D9B380039C5D7 /* help.html in Resources */ = {isa = PBXBuildFile; fileRef = 8A53B2A0208D9B380039C5D7 /* help.html */; };
		8A575FEE20804759002B9951 /* ColorMaps.swift in Sources */ = {isa = PBXBuildFile; fileRef = 8A575FED20804759002B9951 /* ColorMaps.swift */; };
		8A591B3221E441FB00B802F8 /* SK2_PrimaryViewController.swift in Sources */ = {isa = PBXBuildFile; fileRef = 8A591B3121E441FB00B802F8 /* SK2_PrimaryViewController.swift */; };
		8A591B3421E6902500B802F8 /* ModelSelectionViewController.swift in Sources */ = {isa = PBXBuildFile; fileRef = 8A591B3321E6902500B802F8 /* ModelSelectionViewController.swift */; };
		8A75424A20A8CC5100A2BFAD /* about.html in Resources */ = {isa = PBXBuildFile; fileRef = 8A75424920A8CC5100A2BFAD /* about.html */; };
		8A75B690208A317D00EACD13 /* Registry.swift in Sources */ = {isa = PBXBuildFile; fileRef = 8A75B68F208A317D00EACD13 /* Registry.swift */; };
		8A84313820726F0100F06B9B /* Axes.swift in Sources */ = {isa = PBXBuildFile; fileRef = 8A84313720726F0100F06B9B /* Axes.swift */; };
		8A8817472207484800523467 /* UIUtils.swift in Sources */ = {isa = PBXBuildFile; fileRef = 8A8817462207484800523467 /* UIUtils.swift */; };
		8A88174B220757C000523467 /* SK2_Storyboard.storyboard in Resources */ = {isa = PBXBuildFile; fileRef = 8A88174A220757C000523467 /* SK2_Storyboard.storyboard */; };
		8A88174D220791D400523467 /* SK2_TertiaryViewController.swift in Sources */ = {isa = PBXBuildFile; fileRef = 8A88174C220791D400523467 /* SK2_TertiaryViewController.swift */; };
		8A8817502207F21600523467 /* ParameterSweep.swift in Sources */ = {isa = PBXBuildFile; fileRef = 8A88174F2207F21600523467 /* ParameterSweep.swift */; };
		8A88175222084E2700523467 /* DescentLinesOnShell.swift in Sources */ = {isa = PBXBuildFile; fileRef = 8A88175122084E2700523467 /* DescentLinesOnShell.swift */; };
		8A88175422085CFA00523467 /* SK2_BAColors.swift in Sources */ = {isa = PBXBuildFile; fileRef = 8A88175322085CFA00523467 /* SK2_BAColors.swift */; };
		8A88175622085D5A00523467 /* SK2_PFRules.swift in Sources */ = {isa = PBXBuildFile; fileRef = 8A88175522085D5A00523467 /* SK2_PFRules.swift */; };
		8A88175822085D7500523467 /* SK2_PFColors.swift in Sources */ = {isa = PBXBuildFile; fileRef = 8A88175722085D7500523467 /* SK2_PFColors.swift */; };
		8A88175A22085E3B00523467 /* SK2_PFSequencer.swift in Sources */ = {isa = PBXBuildFile; fileRef = 8A88175922085E3B00523467 /* SK2_PFSequencer.swift */; };
		8A88175C2208628700523467 /* SK2_BasinData.swift in Sources */ = {isa = PBXBuildFile; fileRef = 8A88175B2208628700523467 /* SK2_BasinData.swift */; };
		8A88176222090F4400523467 /* SK2_PFInitializers.swift in Sources */ = {isa = PBXBuildFile; fileRef = 8A88176122090F4400523467 /* SK2_PFInitializers.swift */; };
		8A8817642209104200523467 /* SK2_PopulationFlow.swift in Sources */ = {isa = PBXBuildFile; fileRef = 8A8817632209104200523467 /* SK2_PopulationFlow.swift */; };
		8A8817662209118000523467 /* SK2_PlaneGeometry.swift in Sources */ = {isa = PBXBuildFile; fileRef = 8A8817652209118000523467 /* SK2_PlaneGeometry.swift */; };
		8A97BBF422243EA100E520C9 /* SK3_Notes.txt in Resources */ = {isa = PBXBuildFile; fileRef = 8A97BBF322243EA100E520C9 /* SK3_Notes.txt */; };
		8A9B149C220C83AA00A2CDAB /* Timeseries.swift in Sources */ = {isa = PBXBuildFile; fileRef = 8A9B149B220C83AA00A2CDAB /* Timeseries.swift */; };
		8A9B149E220C94AC00A2CDAB /* Dynamic.swift in Sources */ = {isa = PBXBuildFile; fileRef = 8A9B149D220C94AC00A2CDAB /* Dynamic.swift */; };
		8A9B14A0220CF97F00A2CDAB /* SK2_BAFigure.swift in Sources */ = {isa = PBXBuildFile; fileRef = 8A9B149F220CF97F00A2CDAB /* SK2_BAFigure.swift */; };
		8A9B14A2220D2E0C00A2CDAB /* SK2_PFFigures.swift in Sources */ = {isa = PBXBuildFile; fileRef = 8A9B14A1220D2E0C00A2CDAB /* SK2_PFFigures.swift */; };
		8A9B14A6220DB58700A2CDAB /* NetInPlane.swift in Sources */ = {isa = PBXBuildFile; fileRef = 8A9B14A5220DB58700A2CDAB /* NetInPlane.swift */; };
		8A9B14A8220DB88900A2CDAB /* PlaneFigure.swift in Sources */ = {isa = PBXBuildFile; fileRef = 8A9B14A7220DB88900A2CDAB /* PlaneFigure.swift */; };
		8A9B14AC220DBCBF00A2CDAB /* UniformElevation.swift in Sources */ = {isa = PBXBuildFile; fileRef = 8A9B14AB220DBCBF00A2CDAB /* UniformElevation.swift */; };
		8A9B14B0220E0E2100A2CDAB /* NodesInPlane.swift in Sources */ = {isa = PBXBuildFile; fileRef = 8A9B14AF220E0E2100A2CDAB /* NodesInPlane.swift */; };
		8A9B14B2220E19E400A2CDAB /* DSPropertyColor.swift in Sources */ = {isa = PBXBuildFile; fileRef = 8A9B14B1220E19E400A2CDAB /* DSPropertyColor.swift */; };
		8A9B14BC220E5CAE00A2CDAB /* SK2_BaseFigure.swift in Sources */ = {isa = PBXBuildFile; fileRef = 8A9B14BB220E5CAE00A2CDAB /* SK2_BaseFigure.swift */; };
		8A9B14BE220EE96A00A2CDAB /* SK2E_Energy.swift in Sources */ = {isa = PBXBuildFile; fileRef = 8A9B14BD220EE96A00A2CDAB /* SK2E_Energy.swift */; };
		8A9B14C0220EF8F600A2CDAB /* ColorSwitch.swift in Sources */ = {isa = PBXBuildFile; fileRef = 8A9B14BF220EF8F600A2CDAB /* ColorSwitch.swift */; };
		8A9B14C2220F145B00A2CDAB /* ReliefSwitch.swift in Sources */ = {isa = PBXBuildFile; fileRef = 8A9B14C1220F145B00A2CDAB /* ReliefSwitch.swift */; };
		8A9B14C4220F327300A2CDAB /* SK2_SystemFigure.swift in Sources */ = {isa = PBXBuildFile; fileRef = 8A9B14C3220F327300A2CDAB /* SK2_SystemFigure.swift */; };
		8A9B14C6220F421800A2CDAB /* SK2_ShellBase.swift in Sources */ = {isa = PBXBuildFile; fileRef = 8A9B14C5220F421800A2CDAB /* SK2_ShellBase.swift */; };
		8A9B14C8220F427B00A2CDAB /* SK2_PlaneBase.swift in Sources */ = {isa = PBXBuildFile; fileRef = 8A9B14C7220F427B00A2CDAB /* SK2_PlaneBase.swift */; };
		8A9B14CA220F529400A2CDAB /* SK2E_Occupation.swift in Sources */ = {isa = PBXBuildFile; fileRef = 8A9B14C9220F529400A2CDAB /* SK2E_Occupation.swift */; };
		8A9B14CC220F543000A2CDAB /* SK2E_Entropy.swift in Sources */ = {isa = PBXBuildFile; fileRef = 8A9B14CB220F543000A2CDAB /* SK2E_Entropy.swift */; };
		8A9B14CE220F8FCF00A2CDAB /* SK2_LogDataSource.swift in Sources */ = {isa = PBXBuildFile; fileRef = 8A9B14CD220F8FCE00A2CDAB /* SK2_LogDataSource.swift */; };
		8A9BA6B820ADD71F009C39BE /* InnerShell.swift in Sources */ = {isa = PBXBuildFile; fileRef = 8A9BA6B720ADD71F009C39BE /* InnerShell.swift */; };
		8AA05A11208FC14E009417A6 /* AppModel1.swift in Sources */ = {isa = PBXBuildFile; fileRef = 8AA05A10208FC14E009417A6 /* AppModel1.swift */; };
		8AA05A13208FCB58009417A6 /* ChangeSupport.swift in Sources */ = {isa = PBXBuildFile; fileRef = 8AA05A12208FCB58009417A6 /* ChangeSupport.swift */; };
		8AA05A19208FFFD4009417A6 /* MagicStrings.swift in Sources */ = {isa = PBXBuildFile; fileRef = 8AA05A18208FFFD4009417A6 /* MagicStrings.swift */; };
		8AAF6DFF208167A800E4C9BF /* ToDo.txt in Resources */ = {isa = PBXBuildFile; fileRef = 8AAF6DFE208167A800E4C9BF /* ToDo.txt */; };
		8AB2A62C21FCE0D500A46316 /* SK3_System.swift in Sources */ = {isa = PBXBuildFile; fileRef = 8AB2A62B21FCE0D500A46316 /* SK3_System.swift */; };
		8AB2A62F21FCE1C100A46316 /* SK2_BANode.swift in Sources */ = {isa = PBXBuildFile; fileRef = 8AB2A62E21FCE1C100A46316 /* SK2_BANode.swift */; };
		8AB2A63121FCE40E00A46316 /* SK2_BAModel.swift in Sources */ = {isa = PBXBuildFile; fileRef = 8AB2A63021FCE40E00A46316 /* SK2_BAModel.swift */; };
		8AB2A63321FCE92F00A46316 /* SK2_ShellGeometry.swift in Sources */ = {isa = PBXBuildFile; fileRef = 8AB2A63221FCE92F00A46316 /* SK2_ShellGeometry.swift */; };
		8AB2A63521FCEB5800A46316 /* SK2_Basins.swift in Sources */ = {isa = PBXBuildFile; fileRef = 8AB2A63421FCEB5800A46316 /* SK2_Basins.swift */; };
		8AB2A63721FDEDEC00A46316 /* DiscreteSystem.swift in Sources */ = {isa = PBXBuildFile; fileRef = 8AB2A63621FDEDEC00A46316 /* DiscreteSystem.swift */; };
		8AB2A63B21FE4F5C00A46316 /* SK2_PFNode.swift in Sources */ = {isa = PBXBuildFile; fileRef = 8AB2A63A21FE4F5C00A46316 /* SK2_PFNode.swift */; };
		8AB2A63D21FE4F6B00A46316 /* SK2_PFModel.swift in Sources */ = {isa = PBXBuildFile; fileRef = 8AB2A63C21FE4F6B00A46316 /* SK2_PFModel.swift */; };
		8AB2A64221FEA8BF00A46316 /* NodesOnShell.swift in Sources */ = {isa = PBXBuildFile; fileRef = 8AB2A64121FEA8BF00A46316 /* NodesOnShell.swift */; };
		8AB2A64521FEB24900A46316 /* Geometry.swift in Sources */ = {isa = PBXBuildFile; fileRef = 8AB2A64421FEB24900A46316 /* Geometry.swift */; };
		8AB2A64721FEBF0800A46316 /* SK2_SimpleDataSource.swift in Sources */ = {isa = PBXBuildFile; fileRef = 8AB2A64621FEBF0800A46316 /* SK2_SimpleDataSource.swift */; };
		8AB2A65121FF8C8C00A46316 /* NetOnShell.swift in Sources */ = {isa = PBXBuildFile; fileRef = 8AB2A65021FF8C8C00A46316 /* NetOnShell.swift */; };
		8AB2A65321FF9A1400A46316 /* Meridians.swift in Sources */ = {isa = PBXBuildFile; fileRef = 8AB2A65221FF9A1400A46316 /* Meridians.swift */; };
		8ABEEC3B20803A2F008E72F4 /* Surface.swift in Sources */ = {isa = PBXBuildFile; fileRef = 8ABEEC3A20803A2F008E72F4 /* Surface.swift */; };
		8AC059DE2210B25200EB6A1C /* OLD.storyboard in Resources */ = {isa = PBXBuildFile; fileRef = 8AC059DD2210B25200EB6A1C /* OLD.storyboard */; };
		8AC059E12211BFC900EB6A1C /* ToNotDo.txt in Resources */ = {isa = PBXBuildFile; fileRef = 8AC059E02211BFC900EB6A1C /* ToNotDo.txt */; };
		8AC059E322137F3C00EB6A1C /* Done.txt in Resources */ = {isa = PBXBuildFile; fileRef = 8AC059E222137F3C00EB6A1C /* Done.txt */; };
		8AC059E72216E57600EB6A1C /* SK2_BDFigure.swift in Sources */ = {isa = PBXBuildFile; fileRef = 8AC059E62216E57600EB6A1C /* SK2_BDFigure.swift */; };
		8AC059E92216E5EB00EB6A1C /* SK2_BDGenerator.swift in Sources */ = {isa = PBXBuildFile; fileRef = 8AC059E82216E5EB00EB6A1C /* SK2_BDGenerator.swift */; };
		8AC059EB2216E8DD00EB6A1C /* SK2_BDModel.swift in Sources */ = {isa = PBXBuildFile; fileRef = 8AC059EA2216E8DD00EB6A1C /* SK2_BDModel.swift */; };
		8AC059ED2216EAA400EB6A1C /* SK2_BDBlockData.swift in Sources */ = {isa = PBXBuildFile; fileRef = 8AC059EC2216EAA400EB6A1C /* SK2_BDBlockData.swift */; };
		8AC059F12216ED4C00EB6A1C /* BlockFigure.swift in Sources */ = {isa = PBXBuildFile; fileRef = 8AC059F02216ED4C00EB6A1C /* BlockFigure.swift */; };
		8AC059F32216EE2B00EB6A1C /* SK2_BlockBase.swift in Sources */ = {isa = PBXBuildFile; fileRef = 8AC059F22216EE2B00EB6A1C /* SK2_BlockBase.swift */; };
		8AC059F52216EF4B00EB6A1C /* NodesOnBlock.swift in Sources */ = {isa = PBXBuildFile; fileRef = 8AC059F42216EF4B00EB6A1C /* NodesOnBlock.swift */; };
		8AC059F722170C1E00EB6A1C /* Cube.swift in Sources */ = {isa = PBXBuildFile; fileRef = 8AC059F622170C1E00EB6A1C /* Cube.swift */; };
		8AC82CC421F5D00E00A75595 /* Graphics.swift in Sources */ = {isa = PBXBuildFile; fileRef = 8AC82CC321F5D00E00A75595 /* Graphics.swift */; };
		8AC82CD921F6668000A75595 /* ShellFigure.swift in Sources */ = {isa = PBXBuildFile; fileRef = 8AC82CD821F6668000A75595 /* ShellFigure.swift */; };
		8AC82CE121F8874200A75595 /* GraphicsController.swift in Sources */ = {isa = PBXBuildFile; fileRef = 8AC82CE021F8874200A75595 /* GraphicsController.swift */; };
		8AC82CEC21F9E36700A75595 /* Sequencer.swift in Sources */ = {isa = PBXBuildFile; fileRef = 8AC82CEB21F9E36700A75595 /* Sequencer.swift */; };
		8AC82CF521FC9AED00A75595 /* AnimationController.swift in Sources */ = {isa = PBXBuildFile; fileRef = 8AC82CF421FC9AED00A75595 /* AnimationController.swift */; };
		8ACB504020AC92DC00878612 /* BusySpinner.swift in Sources */ = {isa = PBXBuildFile; fileRef = 8ACB503F20AC92DC00878612 /* BusySpinner.swift */; };
		8ACB504420ACAE4400878612 /* busy.png in Resources */ = {isa = PBXBuildFile; fileRef = 8ACB504320ACAE4300878612 /* busy.png */; };
		8ACE788D2072E51800C29875 /* Icosahedron.swift in Sources */ = {isa = PBXBuildFile; fileRef = 8ACE788C2072E51800C29875 /* Icosahedron.swift */; };
		8ACE78922073CCDA00C29875 /* GLKit.framework in Frameworks */ = {isa = PBXBuildFile; fileRef = 8ACE78912073CCDA00C29875 /* GLKit.framework */; };
		8ACE78942073CCE500C29875 /* OpenGLES.framework in Frameworks */ = {isa = PBXBuildFile; fileRef = 8ACE78932073CCE400C29875 /* OpenGLES.framework */; };
		8ACE789E2073F7A400C29875 /* Utils.swift in Sources */ = {isa = PBXBuildFile; fileRef = 8ACE789D2073F7A400C29875 /* Utils.swift */; };
		8AD817FC207BFA9200426C25 /* InfoViewController.swift in Sources */ = {isa = PBXBuildFile; fileRef = 8AD817FA207BFA9200426C25 /* InfoViewController.swift */; };
		8AD81819207C9BD900426C25 /* image1-40@2x.png in Resources */ = {isa = PBXBuildFile; fileRef = 8AD81808207C9BD900426C25 /* image1-40@2x.png */; };
		8AD8181A207C9BD900426C25 /* image1-76@2x.png in Resources */ = {isa = PBXBuildFile; fileRef = 8AD81809207C9BD900426C25 /* image1-76@2x.png */; };
		8AD8181B207C9BD900426C25 /* image1-20.png in Resources */ = {isa = PBXBuildFile; fileRef = 8AD8180A207C9BD900426C25 /* image1-20.png */; };
		8AD8181C207C9BD900426C25 /* image1-40@3x.png in Resources */ = {isa = PBXBuildFile; fileRef = 8AD8180B207C9BD900426C25 /* image1-40@3x.png */; };
		8AD8181D207C9BD900426C25 /* image1-40.png in Resources */ = {isa = PBXBuildFile; fileRef = 8AD8180C207C9BD900426C25 /* image1-40.png */; };
		8AD8181E207C9BD900426C25 /* image1-29@2x.png in Resources */ = {isa = PBXBuildFile; fileRef = 8AD8180D207C9BD900426C25 /* image1-29@2x.png */; };
		8AD8181F207C9BD900426C25 /* image1-60@3x.png in Resources */ = {isa = PBXBuildFile; fileRef = 8AD8180E207C9BD900426C25 /* image1-60@3x.png */; };
		8AD81820207C9BD900426C25 /* image1-60@2x.png in Resources */ = {isa = PBXBuildFile; fileRef = 8AD8180F207C9BD900426C25 /* image1-60@2x.png */; };
		8AD81821207C9BD900426C25 /* image1-1024.png in Resources */ = {isa = PBXBuildFile; fileRef = 8AD81810207C9BD900426C25 /* image1-1024.png */; };
		8AD81822207C9BD900426C25 /* image1-29@3x.png in Resources */ = {isa = PBXBuildFile; fileRef = 8AD81811207C9BD900426C25 /* image1-29@3x.png */; };
		8AD81823207C9BD900426C25 /* image1-83.5@2x.png in Resources */ = {isa = PBXBuildFile; fileRef = 8AD81812207C9BD900426C25 /* image1-83.5@2x.png */; };
		8AD81824207C9BD900426C25 /* image1-20@3x.png in Resources */ = {isa = PBXBuildFile; fileRef = 8AD81813207C9BD900426C25 /* image1-20@3x.png */; };
		8AD81825207C9BD900426C25 /* image1-76.png in Resources */ = {isa = PBXBuildFile; fileRef = 8AD81814207C9BD900426C25 /* image1-76.png */; };
		8AD81826207C9BD900426C25 /* image1-20@2x.png in Resources */ = {isa = PBXBuildFile; fileRef = 8AD81815207C9BD900426C25 /* image1-20@2x.png */; };
		8AD81827207C9BD900426C25 /* Contents.json in Resources */ = {isa = PBXBuildFile; fileRef = 8AD81816207C9BD900426C25 /* Contents.json */; };
		8AD81828207C9BD900426C25 /* image1-29.png in Resources */ = {isa = PBXBuildFile; fileRef = 8AD81817207C9BD900426C25 /* image1-29.png */; };
		8AD9DAC520914E020062457C /* SimpleFragmentShader.glsl in Resources */ = {isa = PBXBuildFile; fileRef = 8AD9DABF20914E010062457C /* SimpleFragmentShader.glsl */; };
		8AD9DAC620914E020062457C /* TexturedFragmentShader.glsl in Resources */ = {isa = PBXBuildFile; fileRef = 8AD9DAC020914E010062457C /* TexturedFragmentShader.glsl */; };
		8AD9DAC820914E020062457C /* PointSpriteVertexShader.glsl in Resources */ = {isa = PBXBuildFile; fileRef = 8AD9DAC220914E010062457C /* PointSpriteVertexShader.glsl */; };
		8AD9DACB20914E3D0062457C /* Balls.swift in Sources */ = {isa = PBXBuildFile; fileRef = 8AD9DACA20914E3D0062457C /* Balls.swift */; };
		8AE18F9F2099ED8A0086F127 /* backgroundCalculation.txt in Resources */ = {isa = PBXBuildFile; fileRef = 8AE18F9B2099ED8A0086F127 /* backgroundCalculation.txt */; };
		8AE18FA12099ED8A0086F127 /* lookAndFeel.txt in Resources */ = {isa = PBXBuildFile; fileRef = 8AE18F9D2099ED8A0086F127 /* lookAndFeel.txt */; };
		8AE18FA52099EFF30086F127 /* code.txt in Resources */ = {isa = PBXBuildFile; fileRef = 8AE18FA42099EFF30086F127 /* code.txt */; };
		8AE1BD12220097E300D6A062 /* SequencerSelectionViewController.swift in Sources */ = {isa = PBXBuildFile; fileRef = 8AE1BD11220097E300D6A062 /* SequencerSelectionViewController.swift */; };
		8AE1BD162203EF4500D6A062 /* SK2_Factory.swift in Sources */ = {isa = PBXBuildFile; fileRef = 8AE1BD152203EF4500D6A062 /* SK2_Factory.swift */; };
		8AE1BD182203FD5E00D6A062 /* SK1_Factory.swift in Sources */ = {isa = PBXBuildFile; fileRef = 8AE1BD172203FD5E00D6A062 /* SK1_Factory.swift */; };
		8AE48BBB2087857C001B5D11 /* GLUtils.swift in Sources */ = {isa = PBXBuildFile; fileRef = 8AE48BBA2087857C001B5D11 /* GLUtils.swift */; };
		8AE48BBF2087E63A001B5D11 /* background.css in Resources */ = {isa = PBXBuildFile; fileRef = 8AE48BBE2087E639001B5D11 /* background.css */; };
		8AE8AADD21C8737E00E90914 /* _newUI.txt in Resources */ = {isa = PBXBuildFile; fileRef = 8AE8AADC21C8737D00E90914 /* _newUI.txt */; };
		8AF59500208AC0420082C5DE /* AppModel.swift in Sources */ = {isa = PBXBuildFile; fileRef = 8AF594FF208AC0420082C5DE /* AppModel.swift */; };
		8AF98F96207FE7D60007688E /* LICENSE in Resources */ = {isa = PBXBuildFile; fileRef = 8AF98F95207FE7D60007688E /* LICENSE */; };
		8AF98FA1207FE8350007688E /* GraphicsViewController.swift in Sources */ = {isa = PBXBuildFile; fileRef = 8AF98F9F207FE8350007688E /* GraphicsViewController.swift */; };
		8AF98FA7207FE9CF0007688E /* README.md in Resources */ = {isa = PBXBuildFile; fileRef = 8AF98FA6207FE9CF0007688E /* README.md */; };
		8AF9E95222889419009AFC7E /* WebKit.framework in Frameworks */ = {isa = PBXBuildFile; fileRef = 8AF9E95122889419009AFC7E /* WebKit.framework */; };
/* End PBXBuildFile section */

/* Begin PBXFileReference section */
		8A0172E92487F8B100D3C160 /* MetalCube.swift */ = {isa = PBXFileReference; lastKnownFileType = sourcecode.swift; path = MetalCube.swift; sourceTree = "<group>"; };
		8A0172ED2488029200D3C160 /* FigureViewController.swift */ = {isa = PBXFileReference; lastKnownFileType = sourcecode.swift; name = FigureViewController.swift; path = ../Metal/FigureViewController.swift; sourceTree = "<group>"; };
		8A0172EF2488032100D3C160 /* MetalFigure.swift */ = {isa = PBXFileReference; lastKnownFileType = sourcecode.swift; path = MetalFigure.swift; sourceTree = "<group>"; };
		8A0172F5248805F000D3C160 /* Shaders.metal */ = {isa = PBXFileReference; lastKnownFileType = sourcecode.metal; path = Shaders.metal; sourceTree = "<group>"; };
		8A0172F9248809E600D3C160 /* BufferProvider.swift */ = {isa = PBXFileReference; lastKnownFileType = sourcecode.swift; path = BufferProvider.swift; sourceTree = "<group>"; };
		8A0172FD24880A3A00D3C160 /* Light.swift */ = {isa = PBXFileReference; lastKnownFileType = sourcecode.swift; path = Light.swift; sourceTree = "<group>"; };
		8A0172FF24880A7200D3C160 /* Vertex.swift */ = {isa = PBXFileReference; lastKnownFileType = sourcecode.swift; path = Vertex.swift; sourceTree = "<group>"; };
		8A01730124880B0100D3C160 /* float4x4Extensions.swift */ = {isa = PBXFileReference; lastKnownFileType = sourcecode.swift; path = float4x4Extensions.swift; sourceTree = "<group>"; };
		8A022079248BBD8700F3A91D /* AppConstants21.swift */ = {isa = PBXFileReference; lastKnownFileType = sourcecode.swift; name = AppConstants21.swift; path = ../Design2020/AppConstants21.swift; sourceTree = "<group>"; };
		8A022083248BCEDB00F3A91D /* Design21.md */ = {isa = PBXFileReference; lastKnownFileType = net.daringfireball.markdown; path = Design21.md; sourceTree = "<group>"; };
		8A022084248BD84E00F3A91D /* Graphics21.swift */ = {isa = PBXFileReference; lastKnownFileType = sourcecode.swift; path = Graphics21.swift; sourceTree = "<group>"; };
		8A022086248BD8D200F3A91D /* Figure21.swift */ = {isa = PBXFileReference; lastKnownFileType = sourcecode.swift; path = Figure21.swift; sourceTree = "<group>"; };
		8A022088248BD94400F3A91D /* Visualization21.swift */ = {isa = PBXFileReference; lastKnownFileType = sourcecode.swift; path = Visualization21.swift; sourceTree = "<group>"; };
		8A02208A248BD9DB00F3A91D /* Effect21.swift */ = {isa = PBXFileReference; lastKnownFileType = sourcecode.swift; path = Effect21.swift; sourceTree = "<group>"; };
		8A02208C248BE6A300F3A91D /* EmptyFigure21.swift */ = {isa = PBXFileReference; lastKnownFileType = sourcecode.swift; path = EmptyFigure21.swift; sourceTree = "<group>"; };
		8A02208E248BE9FA00F3A91D /* AppModel21.swift */ = {isa = PBXFileReference; lastKnownFileType = sourcecode.swift; path = AppModel21.swift; sourceTree = "<group>"; };
		8A022090248BEB6400F3A91D /* Demos21.swift */ = {isa = PBXFileReference; lastKnownFileType = sourcecode.swift; path = Demos21.swift; sourceTree = "<group>"; };
		8A022092248C594600F3A91D /* CubeFigure21.swift */ = {isa = PBXFileReference; lastKnownFileType = sourcecode.swift; path = CubeFigure21.swift; sourceTree = "<group>"; };
		8A022096248D1A3000F3A91D /* Registry21.swift */ = {isa = PBXFileReference; lastKnownFileType = sourcecode.swift; path = Registry21.swift; sourceTree = "<group>"; };
		8A131C90207160100088F2FC /* _miscNotes.txt */ = {isa = PBXFileReference; fileEncoding = 4; lastKnownFileType = text; path = _miscNotes.txt; sourceTree = "<group>"; };
		8A19E9AA2303220300880C97 /* SK2E_LogOccupation.swift */ = {isa = PBXFileReference; fileEncoding = 4; lastKnownFileType = sourcecode.swift; path = SK2E_LogOccupation.swift; sourceTree = "<group>"; };
		8A19E9AC2303296100880C97 /* SurfaceOnShell.swift */ = {isa = PBXFileReference; lastKnownFileType = sourcecode.swift; path = SurfaceOnShell.swift; sourceTree = "<group>"; };
		8A19E9AE230329D300880C97 /* SurfaceInPlane.swift */ = {isa = PBXFileReference; lastKnownFileType = sourcecode.swift; path = SurfaceInPlane.swift; sourceTree = "<group>"; };
		8A1CF012207146510099DD97 /* SKT Visualizer.app */ = {isa = PBXFileReference; explicitFileType = wrapper.application; includeInIndex = 0; path = "SKT Visualizer.app"; sourceTree = BUILT_PRODUCTS_DIR; };
		8A1CF015207146510099DD97 /* AppDelegate.swift */ = {isa = PBXFileReference; lastKnownFileType = sourcecode.swift; path = AppDelegate.swift; sourceTree = "<group>"; };
		8A1CF01A207146520099DD97 /* Base */ = {isa = PBXFileReference; lastKnownFileType = file.storyboard; name = Base; path = Base.lproj/Main.storyboard; sourceTree = "<group>"; };
		8A1CF01C207146540099DD97 /* Assets.xcassets */ = {isa = PBXFileReference; lastKnownFileType = folder.assetcatalog; path = Assets.xcassets; sourceTree = "<group>"; };
		8A1CF01F207146540099DD97 /* Base */ = {isa = PBXFileReference; lastKnownFileType = file.storyboard; name = Base; path = Base.lproj/LaunchScreen.storyboard; sourceTree = "<group>"; };
		8A1CF021207146540099DD97 /* Info.plist */ = {isa = PBXFileReference; lastKnownFileType = text.plist.xml; path = Info.plist; sourceTree = "<group>"; };
		8A2034DB21EB76AC00A4C418 /* ButtonWithImage.swift */ = {isa = PBXFileReference; lastKnownFileType = sourcecode.swift; path = ButtonWithImage.swift; sourceTree = "<group>"; };
		8A2034DD21EB961300A4C418 /* SK2_SecondaryViewController.swift */ = {isa = PBXFileReference; fileEncoding = 4; lastKnownFileType = sourcecode.swift; path = SK2_SecondaryViewController.swift; sourceTree = "<group>"; };
		8A2034E121ED0F4E00A4C418 /* SK1_System.swift */ = {isa = PBXFileReference; lastKnownFileType = sourcecode.swift; path = SK1_System.swift; sourceTree = "<group>"; };
		8A2034E621ED2A6000A4C418 /* SK2_System.swift */ = {isa = PBXFileReference; lastKnownFileType = sourcecode.swift; path = SK2_System.swift; sourceTree = "<group>"; };
		8A2A32D620AB881600D4D619 /* WorkQueue.swift */ = {isa = PBXFileReference; lastKnownFileType = sourcecode.swift; path = WorkQueue.swift; sourceTree = "<group>"; };
		8A3BBBBE208BF29A00669227 /* splash.jpg */ = {isa = PBXFileReference; lastKnownFileType = image.jpeg; path = splash.jpg; sourceTree = "<group>"; };
		8A3C45C52086278900A1E9CD /* UniformColor.swift */ = {isa = PBXFileReference; lastKnownFileType = sourcecode.swift; path = UniformColor.swift; sourceTree = "<group>"; };
		8A41A2F1208398E900CDDF28 /* NumericConstants.swift */ = {isa = PBXFileReference; lastKnownFileType = sourcecode.swift; path = NumericConstants.swift; sourceTree = "<group>"; };
		8A41B08F21F0ACA500DE38CB /* Parameters.swift */ = {isa = PBXFileReference; lastKnownFileType = sourcecode.swift; path = Parameters.swift; sourceTree = "<group>"; };
		8A41B09B21F357F600DE38CB /* FigureSelectionViewController.swift */ = {isa = PBXFileReference; fileEncoding = 4; lastKnownFileType = sourcecode.swift; path = FigureSelectionViewController.swift; sourceTree = "<group>"; };
		8A4654BF21E8E38300EE2B26 /* PhysicalSystem.swift */ = {isa = PBXFileReference; lastKnownFileType = sourcecode.swift; path = PhysicalSystem.swift; sourceTree = "<group>"; };
		8A53B2A0208D9B380039C5D7 /* help.html */ = {isa = PBXFileReference; fileEncoding = 4; lastKnownFileType = text.html; path = help.html; sourceTree = "<group>"; };
		8A575FED20804759002B9951 /* ColorMaps.swift */ = {isa = PBXFileReference; lastKnownFileType = sourcecode.swift; path = ColorMaps.swift; sourceTree = "<group>"; };
		8A591B3121E441FB00B802F8 /* SK2_PrimaryViewController.swift */ = {isa = PBXFileReference; fileEncoding = 4; lastKnownFileType = sourcecode.swift; path = SK2_PrimaryViewController.swift; sourceTree = "<group>"; };
		8A591B3321E6902500B802F8 /* ModelSelectionViewController.swift */ = {isa = PBXFileReference; fileEncoding = 4; lastKnownFileType = sourcecode.swift; path = ModelSelectionViewController.swift; sourceTree = "<group>"; };
		8A75424920A8CC5100A2BFAD /* about.html */ = {isa = PBXFileReference; fileEncoding = 4; lastKnownFileType = text.html; path = about.html; sourceTree = "<group>"; };
		8A75B68F208A317D00EACD13 /* Registry.swift */ = {isa = PBXFileReference; lastKnownFileType = sourcecode.swift; path = Registry.swift; sourceTree = "<group>"; };
		8A84313720726F0100F06B9B /* Axes.swift */ = {isa = PBXFileReference; lastKnownFileType = sourcecode.swift; path = Axes.swift; sourceTree = "<group>"; };
		8A8817462207484800523467 /* UIUtils.swift */ = {isa = PBXFileReference; lastKnownFileType = sourcecode.swift; path = UIUtils.swift; sourceTree = "<group>"; };
		8A88174A220757C000523467 /* SK2_Storyboard.storyboard */ = {isa = PBXFileReference; fileEncoding = 4; lastKnownFileType = file.storyboard; path = SK2_Storyboard.storyboard; sourceTree = "<group>"; };
		8A88174C220791D400523467 /* SK2_TertiaryViewController.swift */ = {isa = PBXFileReference; lastKnownFileType = sourcecode.swift; path = SK2_TertiaryViewController.swift; sourceTree = "<group>"; };
		8A88174F2207F21600523467 /* ParameterSweep.swift */ = {isa = PBXFileReference; lastKnownFileType = sourcecode.swift; path = ParameterSweep.swift; sourceTree = "<group>"; };
		8A88175122084E2700523467 /* DescentLinesOnShell.swift */ = {isa = PBXFileReference; lastKnownFileType = sourcecode.swift; path = DescentLinesOnShell.swift; sourceTree = "<group>"; };
		8A88175322085CFA00523467 /* SK2_BAColors.swift */ = {isa = PBXFileReference; lastKnownFileType = sourcecode.swift; path = SK2_BAColors.swift; sourceTree = "<group>"; };
		8A88175522085D5A00523467 /* SK2_PFRules.swift */ = {isa = PBXFileReference; lastKnownFileType = sourcecode.swift; path = SK2_PFRules.swift; sourceTree = "<group>"; };
		8A88175722085D7500523467 /* SK2_PFColors.swift */ = {isa = PBXFileReference; lastKnownFileType = sourcecode.swift; path = SK2_PFColors.swift; sourceTree = "<group>"; };
		8A88175922085E3B00523467 /* SK2_PFSequencer.swift */ = {isa = PBXFileReference; lastKnownFileType = sourcecode.swift; path = SK2_PFSequencer.swift; sourceTree = "<group>"; };
		8A88175B2208628700523467 /* SK2_BasinData.swift */ = {isa = PBXFileReference; lastKnownFileType = sourcecode.swift; path = SK2_BasinData.swift; sourceTree = "<group>"; };
		8A88176122090F4400523467 /* SK2_PFInitializers.swift */ = {isa = PBXFileReference; lastKnownFileType = sourcecode.swift; path = SK2_PFInitializers.swift; sourceTree = "<group>"; };
		8A8817632209104200523467 /* SK2_PopulationFlow.swift */ = {isa = PBXFileReference; lastKnownFileType = sourcecode.swift; path = SK2_PopulationFlow.swift; sourceTree = "<group>"; };
		8A8817652209118000523467 /* SK2_PlaneGeometry.swift */ = {isa = PBXFileReference; lastKnownFileType = sourcecode.swift; path = SK2_PlaneGeometry.swift; sourceTree = "<group>"; };
		8A97BBF322243EA100E520C9 /* SK3_Notes.txt */ = {isa = PBXFileReference; lastKnownFileType = text; path = SK3_Notes.txt; sourceTree = "<group>"; };
		8A9B149B220C83AA00A2CDAB /* Timeseries.swift */ = {isa = PBXFileReference; lastKnownFileType = sourcecode.swift; path = Timeseries.swift; sourceTree = "<group>"; };
		8A9B149D220C94AC00A2CDAB /* Dynamic.swift */ = {isa = PBXFileReference; lastKnownFileType = sourcecode.swift; path = Dynamic.swift; sourceTree = "<group>"; };
		8A9B149F220CF97F00A2CDAB /* SK2_BAFigure.swift */ = {isa = PBXFileReference; lastKnownFileType = sourcecode.swift; path = SK2_BAFigure.swift; sourceTree = "<group>"; };
		8A9B14A1220D2E0C00A2CDAB /* SK2_PFFigures.swift */ = {isa = PBXFileReference; lastKnownFileType = sourcecode.swift; path = SK2_PFFigures.swift; sourceTree = "<group>"; };
		8A9B14A5220DB58700A2CDAB /* NetInPlane.swift */ = {isa = PBXFileReference; lastKnownFileType = sourcecode.swift; path = NetInPlane.swift; sourceTree = "<group>"; };
		8A9B14A7220DB88900A2CDAB /* PlaneFigure.swift */ = {isa = PBXFileReference; lastKnownFileType = sourcecode.swift; path = PlaneFigure.swift; sourceTree = "<group>"; };
		8A9B14AB220DBCBF00A2CDAB /* UniformElevation.swift */ = {isa = PBXFileReference; lastKnownFileType = sourcecode.swift; path = UniformElevation.swift; sourceTree = "<group>"; };
		8A9B14AF220E0E2100A2CDAB /* NodesInPlane.swift */ = {isa = PBXFileReference; lastKnownFileType = sourcecode.swift; path = NodesInPlane.swift; sourceTree = "<group>"; };
		8A9B14B1220E19E400A2CDAB /* DSPropertyColor.swift */ = {isa = PBXFileReference; lastKnownFileType = sourcecode.swift; path = DSPropertyColor.swift; sourceTree = "<group>"; };
		8A9B14BB220E5CAE00A2CDAB /* SK2_BaseFigure.swift */ = {isa = PBXFileReference; lastKnownFileType = sourcecode.swift; path = SK2_BaseFigure.swift; sourceTree = "<group>"; };
		8A9B14BD220EE96A00A2CDAB /* SK2E_Energy.swift */ = {isa = PBXFileReference; lastKnownFileType = sourcecode.swift; path = SK2E_Energy.swift; sourceTree = "<group>"; };
		8A9B14BF220EF8F600A2CDAB /* ColorSwitch.swift */ = {isa = PBXFileReference; lastKnownFileType = sourcecode.swift; path = ColorSwitch.swift; sourceTree = "<group>"; };
		8A9B14C1220F145B00A2CDAB /* ReliefSwitch.swift */ = {isa = PBXFileReference; lastKnownFileType = sourcecode.swift; path = ReliefSwitch.swift; sourceTree = "<group>"; };
		8A9B14C3220F327300A2CDAB /* SK2_SystemFigure.swift */ = {isa = PBXFileReference; lastKnownFileType = sourcecode.swift; path = SK2_SystemFigure.swift; sourceTree = "<group>"; };
		8A9B14C5220F421800A2CDAB /* SK2_ShellBase.swift */ = {isa = PBXFileReference; lastKnownFileType = sourcecode.swift; path = SK2_ShellBase.swift; sourceTree = "<group>"; };
		8A9B14C7220F427B00A2CDAB /* SK2_PlaneBase.swift */ = {isa = PBXFileReference; lastKnownFileType = sourcecode.swift; path = SK2_PlaneBase.swift; sourceTree = "<group>"; };
		8A9B14C9220F529400A2CDAB /* SK2E_Occupation.swift */ = {isa = PBXFileReference; lastKnownFileType = sourcecode.swift; path = SK2E_Occupation.swift; sourceTree = "<group>"; };
		8A9B14CB220F543000A2CDAB /* SK2E_Entropy.swift */ = {isa = PBXFileReference; lastKnownFileType = sourcecode.swift; path = SK2E_Entropy.swift; sourceTree = "<group>"; };
		8A9B14CD220F8FCE00A2CDAB /* SK2_LogDataSource.swift */ = {isa = PBXFileReference; lastKnownFileType = sourcecode.swift; path = SK2_LogDataSource.swift; sourceTree = "<group>"; };
		8A9BA6B720ADD71F009C39BE /* InnerShell.swift */ = {isa = PBXFileReference; fileEncoding = 4; lastKnownFileType = sourcecode.swift; path = InnerShell.swift; sourceTree = "<group>"; };
		8AA05A10208FC14E009417A6 /* AppModel1.swift */ = {isa = PBXFileReference; lastKnownFileType = sourcecode.swift; path = AppModel1.swift; sourceTree = "<group>"; };
		8AA05A12208FCB58009417A6 /* ChangeSupport.swift */ = {isa = PBXFileReference; lastKnownFileType = sourcecode.swift; path = ChangeSupport.swift; sourceTree = "<group>"; };
		8AA05A18208FFFD4009417A6 /* MagicStrings.swift */ = {isa = PBXFileReference; lastKnownFileType = sourcecode.swift; path = MagicStrings.swift; sourceTree = "<group>"; };
		8AAF6DFE208167A800E4C9BF /* ToDo.txt */ = {isa = PBXFileReference; fileEncoding = 4; lastKnownFileType = text; path = ToDo.txt; sourceTree = "<group>"; };
		8AB2A62B21FCE0D500A46316 /* SK3_System.swift */ = {isa = PBXFileReference; fileEncoding = 4; lastKnownFileType = sourcecode.swift; path = SK3_System.swift; sourceTree = "<group>"; };
		8AB2A62E21FCE1C100A46316 /* SK2_BANode.swift */ = {isa = PBXFileReference; lastKnownFileType = sourcecode.swift; path = SK2_BANode.swift; sourceTree = "<group>"; };
		8AB2A63021FCE40E00A46316 /* SK2_BAModel.swift */ = {isa = PBXFileReference; lastKnownFileType = sourcecode.swift; path = SK2_BAModel.swift; sourceTree = "<group>"; };
		8AB2A63221FCE92F00A46316 /* SK2_ShellGeometry.swift */ = {isa = PBXFileReference; lastKnownFileType = sourcecode.swift; path = SK2_ShellGeometry.swift; sourceTree = "<group>"; };
		8AB2A63421FCEB5800A46316 /* SK2_Basins.swift */ = {isa = PBXFileReference; lastKnownFileType = sourcecode.swift; path = SK2_Basins.swift; sourceTree = "<group>"; };
		8AB2A63621FDEDEC00A46316 /* DiscreteSystem.swift */ = {isa = PBXFileReference; lastKnownFileType = sourcecode.swift; path = DiscreteSystem.swift; sourceTree = "<group>"; };
		8AB2A63A21FE4F5C00A46316 /* SK2_PFNode.swift */ = {isa = PBXFileReference; lastKnownFileType = sourcecode.swift; path = SK2_PFNode.swift; sourceTree = "<group>"; };
		8AB2A63C21FE4F6B00A46316 /* SK2_PFModel.swift */ = {isa = PBXFileReference; lastKnownFileType = sourcecode.swift; path = SK2_PFModel.swift; sourceTree = "<group>"; };
		8AB2A64121FEA8BF00A46316 /* NodesOnShell.swift */ = {isa = PBXFileReference; lastKnownFileType = sourcecode.swift; path = NodesOnShell.swift; sourceTree = "<group>"; };
		8AB2A64421FEB24900A46316 /* Geometry.swift */ = {isa = PBXFileReference; lastKnownFileType = sourcecode.swift; path = Geometry.swift; sourceTree = "<group>"; };
		8AB2A64621FEBF0800A46316 /* SK2_SimpleDataSource.swift */ = {isa = PBXFileReference; lastKnownFileType = sourcecode.swift; path = SK2_SimpleDataSource.swift; sourceTree = "<group>"; };
		8AB2A65021FF8C8C00A46316 /* NetOnShell.swift */ = {isa = PBXFileReference; lastKnownFileType = sourcecode.swift; path = NetOnShell.swift; sourceTree = "<group>"; };
		8AB2A65221FF9A1400A46316 /* Meridians.swift */ = {isa = PBXFileReference; lastKnownFileType = sourcecode.swift; path = Meridians.swift; sourceTree = "<group>"; };
		8ABEEC3A20803A2F008E72F4 /* Surface.swift */ = {isa = PBXFileReference; fileEncoding = 4; lastKnownFileType = sourcecode.swift; path = Surface.swift; sourceTree = "<group>"; };
		8AC059DC221052A300EB6A1C /* coordinates.md */ = {isa = PBXFileReference; lastKnownFileType = net.daringfireball.markdown; path = coordinates.md; sourceTree = "<group>"; };
		8AC059DD2210B25200EB6A1C /* OLD.storyboard */ = {isa = PBXFileReference; fileEncoding = 4; lastKnownFileType = file.storyboard; name = OLD.storyboard; path = OLD/UI/OLD.storyboard; sourceTree = SOURCE_ROOT; };
		8AC059E02211BFC900EB6A1C /* ToNotDo.txt */ = {isa = PBXFileReference; lastKnownFileType = text; path = ToNotDo.txt; sourceTree = "<group>"; };
		8AC059E222137F3C00EB6A1C /* Done.txt */ = {isa = PBXFileReference; lastKnownFileType = text; path = Done.txt; sourceTree = "<group>"; };
		8AC059E62216E57600EB6A1C /* SK2_BDFigure.swift */ = {isa = PBXFileReference; lastKnownFileType = sourcecode.swift; path = SK2_BDFigure.swift; sourceTree = "<group>"; };
		8AC059E82216E5EB00EB6A1C /* SK2_BDGenerator.swift */ = {isa = PBXFileReference; lastKnownFileType = sourcecode.swift; path = SK2_BDGenerator.swift; sourceTree = "<group>"; };
		8AC059EA2216E8DD00EB6A1C /* SK2_BDModel.swift */ = {isa = PBXFileReference; lastKnownFileType = sourcecode.swift; path = SK2_BDModel.swift; sourceTree = "<group>"; };
		8AC059EC2216EAA400EB6A1C /* SK2_BDBlockData.swift */ = {isa = PBXFileReference; lastKnownFileType = sourcecode.swift; path = SK2_BDBlockData.swift; sourceTree = "<group>"; };
		8AC059F02216ED4C00EB6A1C /* BlockFigure.swift */ = {isa = PBXFileReference; lastKnownFileType = sourcecode.swift; path = BlockFigure.swift; sourceTree = "<group>"; };
		8AC059F22216EE2B00EB6A1C /* SK2_BlockBase.swift */ = {isa = PBXFileReference; lastKnownFileType = sourcecode.swift; path = SK2_BlockBase.swift; sourceTree = "<group>"; };
		8AC059F42216EF4B00EB6A1C /* NodesOnBlock.swift */ = {isa = PBXFileReference; lastKnownFileType = sourcecode.swift; path = NodesOnBlock.swift; sourceTree = "<group>"; };
		8AC059F622170C1E00EB6A1C /* Cube.swift */ = {isa = PBXFileReference; lastKnownFileType = sourcecode.swift; path = Cube.swift; sourceTree = "<group>"; };
		8AC82CC321F5D00E00A75595 /* Graphics.swift */ = {isa = PBXFileReference; lastKnownFileType = sourcecode.swift; path = Graphics.swift; sourceTree = "<group>"; };
		8AC82CD821F6668000A75595 /* ShellFigure.swift */ = {isa = PBXFileReference; lastKnownFileType = sourcecode.swift; path = ShellFigure.swift; sourceTree = "<group>"; };
		8AC82CE021F8874200A75595 /* GraphicsController.swift */ = {isa = PBXFileReference; lastKnownFileType = sourcecode.swift; path = GraphicsController.swift; sourceTree = "<group>"; };
		8AC82CEB21F9E36700A75595 /* Sequencer.swift */ = {isa = PBXFileReference; lastKnownFileType = sourcecode.swift; path = Sequencer.swift; sourceTree = "<group>"; };
		8AC82CF421FC9AED00A75595 /* AnimationController.swift */ = {isa = PBXFileReference; lastKnownFileType = sourcecode.swift; path = AnimationController.swift; sourceTree = "<group>"; };
		8ACB503F20AC92DC00878612 /* BusySpinner.swift */ = {isa = PBXFileReference; lastKnownFileType = sourcecode.swift; path = BusySpinner.swift; sourceTree = "<group>"; };
		8ACB504320ACAE4300878612 /* busy.png */ = {isa = PBXFileReference; lastKnownFileType = image.png; path = busy.png; sourceTree = "<group>"; };
		8ACE788C2072E51800C29875 /* Icosahedron.swift */ = {isa = PBXFileReference; fileEncoding = 4; lastKnownFileType = sourcecode.swift; path = Icosahedron.swift; sourceTree = "<group>"; };
		8ACE78912073CCDA00C29875 /* GLKit.framework */ = {isa = PBXFileReference; lastKnownFileType = wrapper.framework; name = GLKit.framework; path = System/Library/Frameworks/GLKit.framework; sourceTree = SDKROOT; };
		8ACE78932073CCE400C29875 /* OpenGLES.framework */ = {isa = PBXFileReference; lastKnownFileType = wrapper.framework; name = OpenGLES.framework; path = System/Library/Frameworks/OpenGLES.framework; sourceTree = SDKROOT; };
		8ACE789D2073F7A400C29875 /* Utils.swift */ = {isa = PBXFileReference; lastKnownFileType = sourcecode.swift; path = Utils.swift; sourceTree = "<group>"; };
		8AD817FA207BFA9200426C25 /* InfoViewController.swift */ = {isa = PBXFileReference; lastKnownFileType = sourcecode.swift; path = InfoViewController.swift; sourceTree = "<group>"; };
		8AD81808207C9BD900426C25 /* image1-40@2x.png */ = {isa = PBXFileReference; lastKnownFileType = image.png; path = "image1-40@2x.png"; sourceTree = "<group>"; };
		8AD81809207C9BD900426C25 /* image1-76@2x.png */ = {isa = PBXFileReference; lastKnownFileType = image.png; path = "image1-76@2x.png"; sourceTree = "<group>"; };
		8AD8180A207C9BD900426C25 /* image1-20.png */ = {isa = PBXFileReference; lastKnownFileType = image.png; path = "image1-20.png"; sourceTree = "<group>"; };
		8AD8180B207C9BD900426C25 /* image1-40@3x.png */ = {isa = PBXFileReference; lastKnownFileType = image.png; path = "image1-40@3x.png"; sourceTree = "<group>"; };
		8AD8180C207C9BD900426C25 /* image1-40.png */ = {isa = PBXFileReference; lastKnownFileType = image.png; path = "image1-40.png"; sourceTree = "<group>"; };
		8AD8180D207C9BD900426C25 /* image1-29@2x.png */ = {isa = PBXFileReference; lastKnownFileType = image.png; path = "image1-29@2x.png"; sourceTree = "<group>"; };
		8AD8180E207C9BD900426C25 /* image1-60@3x.png */ = {isa = PBXFileReference; lastKnownFileType = image.png; path = "image1-60@3x.png"; sourceTree = "<group>"; };
		8AD8180F207C9BD900426C25 /* image1-60@2x.png */ = {isa = PBXFileReference; lastKnownFileType = image.png; path = "image1-60@2x.png"; sourceTree = "<group>"; };
		8AD81810207C9BD900426C25 /* image1-1024.png */ = {isa = PBXFileReference; lastKnownFileType = image.png; path = "image1-1024.png"; sourceTree = "<group>"; };
		8AD81811207C9BD900426C25 /* image1-29@3x.png */ = {isa = PBXFileReference; lastKnownFileType = image.png; path = "image1-29@3x.png"; sourceTree = "<group>"; };
		8AD81812207C9BD900426C25 /* image1-83.5@2x.png */ = {isa = PBXFileReference; lastKnownFileType = image.png; path = "image1-83.5@2x.png"; sourceTree = "<group>"; };
		8AD81813207C9BD900426C25 /* image1-20@3x.png */ = {isa = PBXFileReference; lastKnownFileType = image.png; path = "image1-20@3x.png"; sourceTree = "<group>"; };
		8AD81814207C9BD900426C25 /* image1-76.png */ = {isa = PBXFileReference; lastKnownFileType = image.png; path = "image1-76.png"; sourceTree = "<group>"; };
		8AD81815207C9BD900426C25 /* image1-20@2x.png */ = {isa = PBXFileReference; lastKnownFileType = image.png; path = "image1-20@2x.png"; sourceTree = "<group>"; };
		8AD81816207C9BD900426C25 /* Contents.json */ = {isa = PBXFileReference; fileEncoding = 4; lastKnownFileType = text.json; path = Contents.json; sourceTree = "<group>"; };
		8AD81817207C9BD900426C25 /* image1-29.png */ = {isa = PBXFileReference; lastKnownFileType = image.png; path = "image1-29.png"; sourceTree = "<group>"; };
		8AD9DABF20914E010062457C /* SimpleFragmentShader.glsl */ = {isa = PBXFileReference; fileEncoding = 4; lastKnownFileType = text; path = SimpleFragmentShader.glsl; sourceTree = "<group>"; };
		8AD9DAC020914E010062457C /* TexturedFragmentShader.glsl */ = {isa = PBXFileReference; fileEncoding = 4; lastKnownFileType = text; path = TexturedFragmentShader.glsl; sourceTree = "<group>"; };
		8AD9DAC220914E010062457C /* PointSpriteVertexShader.glsl */ = {isa = PBXFileReference; fileEncoding = 4; lastKnownFileType = text; path = PointSpriteVertexShader.glsl; sourceTree = "<group>"; };
		8AD9DACA20914E3D0062457C /* Balls.swift */ = {isa = PBXFileReference; fileEncoding = 4; lastKnownFileType = sourcecode.swift; path = Balls.swift; sourceTree = "<group>"; };
		8AE18F9B2099ED8A0086F127 /* backgroundCalculation.txt */ = {isa = PBXFileReference; fileEncoding = 4; lastKnownFileType = text; path = backgroundCalculation.txt; sourceTree = "<group>"; };
		8AE18F9D2099ED8A0086F127 /* lookAndFeel.txt */ = {isa = PBXFileReference; fileEncoding = 4; lastKnownFileType = text; path = lookAndFeel.txt; sourceTree = "<group>"; };
		8AE18FA42099EFF30086F127 /* code.txt */ = {isa = PBXFileReference; fileEncoding = 4; lastKnownFileType = text; path = code.txt; sourceTree = "<group>"; };
		8AE1BD11220097E300D6A062 /* SequencerSelectionViewController.swift */ = {isa = PBXFileReference; fileEncoding = 4; lastKnownFileType = sourcecode.swift; path = SequencerSelectionViewController.swift; sourceTree = "<group>"; };
		8AE1BD152203EF4500D6A062 /* SK2_Factory.swift */ = {isa = PBXFileReference; lastKnownFileType = sourcecode.swift; path = SK2_Factory.swift; sourceTree = "<group>"; };
		8AE1BD172203FD5E00D6A062 /* SK1_Factory.swift */ = {isa = PBXFileReference; lastKnownFileType = sourcecode.swift; path = SK1_Factory.swift; sourceTree = "<group>"; };
		8AE48BBA2087857C001B5D11 /* GLUtils.swift */ = {isa = PBXFileReference; lastKnownFileType = sourcecode.swift; path = GLUtils.swift; sourceTree = "<group>"; };
		8AE48BBE2087E639001B5D11 /* background.css */ = {isa = PBXFileReference; fileEncoding = 4; lastKnownFileType = text.css; path = background.css; sourceTree = "<group>"; };
		8AE8AADC21C8737D00E90914 /* _newUI.txt */ = {isa = PBXFileReference; fileEncoding = 4; lastKnownFileType = text; path = _newUI.txt; sourceTree = "<group>"; };
		8AF594FF208AC0420082C5DE /* AppModel.swift */ = {isa = PBXFileReference; lastKnownFileType = sourcecode.swift; path = AppModel.swift; sourceTree = "<group>"; };
		8AF98F95207FE7D60007688E /* LICENSE */ = {isa = PBXFileReference; fileEncoding = 4; lastKnownFileType = text; path = LICENSE; sourceTree = "<group>"; };
		8AF98F9F207FE8350007688E /* GraphicsViewController.swift */ = {isa = PBXFileReference; fileEncoding = 4; lastKnownFileType = sourcecode.swift; path = GraphicsViewController.swift; sourceTree = "<group>"; };
		8AF98FA6207FE9CF0007688E /* README.md */ = {isa = PBXFileReference; fileEncoding = 4; lastKnownFileType = net.daringfireball.markdown; path = README.md; sourceTree = "<group>"; };
		8AF9E95122889419009AFC7E /* WebKit.framework */ = {isa = PBXFileReference; lastKnownFileType = wrapper.framework; name = WebKit.framework; path = System/Library/Frameworks/WebKit.framework; sourceTree = SDKROOT; };
/* End PBXFileReference section */

/* Begin PBXFrameworksBuildPhase section */
		8A1CF00F207146510099DD97 /* Frameworks */ = {
			isa = PBXFrameworksBuildPhase;
			buildActionMask = 2147483647;
			files = (
				8AF9E95222889419009AFC7E /* WebKit.framework in Frameworks */,
				8ACE78942073CCE500C29875 /* OpenGLES.framework in Frameworks */,
				8ACE78922073CCDA00C29875 /* GLKit.framework in Frameworks */,
			);
			runOnlyForDeploymentPostprocessing = 0;
		};
/* End PBXFrameworksBuildPhase section */

/* Begin PBXGroup section */
		8A0173032489165600D3C160 /* Demos */ = {
			isa = PBXGroup;
			children = (
			);
			path = Demos;
			sourceTree = "<group>";
		};
		8A022082248BCEBD00F3A91D /* Design21 */ = {
			isa = PBXGroup;
			children = (
				8A022083248BCEDB00F3A91D /* Design21.md */,
				8A022079248BBD8700F3A91D /* AppConstants21.swift */,
				8A022084248BD84E00F3A91D /* Graphics21.swift */,
				8A022086248BD8D200F3A91D /* Figure21.swift */,
				8A022088248BD94400F3A91D /* Visualization21.swift */,
				8A02208A248BD9DB00F3A91D /* Effect21.swift */,
				8A02208C248BE6A300F3A91D /* EmptyFigure21.swift */,
				8A02208E248BE9FA00F3A91D /* AppModel21.swift */,
				8A0172ED2488029200D3C160 /* FigureViewController.swift */,
				8A022090248BEB6400F3A91D /* Demos21.swift */,
				8A022092248C594600F3A91D /* CubeFigure21.swift */,
				8A022096248D1A3000F3A91D /* Registry21.swift */,
			);
			path = Design21;
			sourceTree = "<group>";
		};
		8A022094248D14BD00F3A91D /* Design20 */ = {
			isa = PBXGroup;
			children = (
				8A0172E92487F8B100D3C160 /* MetalCube.swift */,
				8A0172EF2488032100D3C160 /* MetalFigure.swift */,
			);
			path = Design20;
			sourceTree = "<group>";
		};
		8A022095248D150900F3A91D /* Design19 */ = {
			isa = PBXGroup;
			children = (
				8AC059E222137F3C00EB6A1C /* Done.txt */,
				8AAF6DFE208167A800E4C9BF /* ToDo.txt */,
				8AC059E02211BFC900EB6A1C /* ToNotDo.txt */,
				8AE8AADC21C8737D00E90914 /* _newUI.txt */,
				8A131C90207160100088F2FC /* _miscNotes.txt */,
				8AE18F9B2099ED8A0086F127 /* backgroundCalculation.txt */,
				8AE18FA42099EFF30086F127 /* code.txt */,
				8AE18F9D2099ED8A0086F127 /* lookAndFeel.txt */,
				8AC059DC221052A300EB6A1C /* coordinates.md */,
			);
			path = Design19;
			sourceTree = "<group>";
		};
		8A0C09A220716B050017AC4C /* Utilities */ = {
			isa = PBXGroup;
			children = (
				8A41A2F1208398E900CDDF28 /* NumericConstants.swift */,
				8A75B68F208A317D00EACD13 /* Registry.swift */,
				8ACE789D2073F7A400C29875 /* Utils.swift */,
				8AA05A12208FCB58009417A6 /* ChangeSupport.swift */,
				8A2A32D620AB881600D4D619 /* WorkQueue.swift */,
				8A41B08F21F0ACA500DE38CB /* Parameters.swift */,
				8AB2A64421FEB24900A46316 /* Geometry.swift */,
			);
			path = Utilities;
			sourceTree = "<group>";
		};
		8A1CF009207146510099DD97 = {
			isa = PBXGroup;
			children = (
				8A022095248D150900F3A91D /* Design19 */,
				8A022094248D14BD00F3A91D /* Design20 */,
				8A022082248BCEBD00F3A91D /* Design21 */,
				8A0173032489165600D3C160 /* Demos */,
				8ACE78902073CCDA00C29875 /* Frameworks */,
				8AF98F95207FE7D60007688E /* LICENSE */,
				8A1CF013207146510099DD97 /* Products */,
				8AF98FA6207FE9CF0007688E /* README.md */,
				8A92D8E62487F841007F6649 /* Metal */,
				8AF138B7207B8966001A88C6 /* Resources */,
				8A9D599B208DFBD20022831B /* Main */,
				8AE1BD1A22060E7200D6A062 /* Common */,
				8A2034E021ED0F3400A4C418 /* SK1 */,
				8AC82CE421F9D9A900A75595 /* SK2 */,
				8A41B09121F0BF0300DE38CB /* SK3 */,
				8A3C45B72086185B00A1E9CD /* Scratch */,
			);
			sourceTree = "<group>";
		};
		8A1CF013207146510099DD97 /* Products */ = {
			isa = PBXGroup;
			children = (
				8A1CF012207146510099DD97 /* SKT Visualizer.app */,
			);
			name = Products;
			sourceTree = "<group>";
		};
		8A2034E021ED0F3400A4C418 /* SK1 */ = {
			isa = PBXGroup;
			children = (
				8A2034E121ED0F4E00A4C418 /* SK1_System.swift */,
				8AE1BD172203FD5E00D6A062 /* SK1_Factory.swift */,
			);
			path = SK1;
			sourceTree = "<group>";
		};
		8A3C45B72086185B00A1E9CD /* Scratch */ = {
			isa = PBXGroup;
			children = (
				8ABEEC3A20803A2F008E72F4 /* Surface.swift */,
				8A2034DB21EB76AC00A4C418 /* ButtonWithImage.swift */,
			);
			path = Scratch;
			sourceTree = "<group>";
		};
		8A41B09121F0BF0300DE38CB /* SK3 */ = {
			isa = PBXGroup;
			children = (
				8AB2A62B21FCE0D500A46316 /* SK3_System.swift */,
				8A97BBF322243EA100E520C9 /* SK3_Notes.txt */,
			);
			path = SK3;
			sourceTree = "<group>";
		};
		8A88174E2207F18100523467 /* Figures */ = {
			isa = PBXGroup;
			children = (
				8AC82CD821F6668000A75595 /* ShellFigure.swift */,
				8A9B14A7220DB88900A2CDAB /* PlaneFigure.swift */,
				8AC059F02216ED4C00EB6A1C /* BlockFigure.swift */,
			);
			path = Figures;
			sourceTree = "<group>";
		};
		8A88176B220B710900523467 /* Figures */ = {
			isa = PBXGroup;
			children = (
				8AB2A64621FEBF0800A46316 /* SK2_SimpleDataSource.swift */,
				8A9B14CD220F8FCE00A2CDAB /* SK2_LogDataSource.swift */,
				8A9B14C5220F421800A2CDAB /* SK2_ShellBase.swift */,
				8A9B14BB220E5CAE00A2CDAB /* SK2_BaseFigure.swift */,
				8A9B14BD220EE96A00A2CDAB /* SK2E_Energy.swift */,
				8A9B14CB220F543000A2CDAB /* SK2E_Entropy.swift */,
				8A9B14C9220F529400A2CDAB /* SK2E_Occupation.swift */,
				8A19E9AA2303220300880C97 /* SK2E_LogOccupation.swift */,
				8A9B14C3220F327300A2CDAB /* SK2_SystemFigure.swift */,
				8A9B14C7220F427B00A2CDAB /* SK2_PlaneBase.swift */,
				8AC059F22216EE2B00EB6A1C /* SK2_BlockBase.swift */,
			);
			path = Figures;
			sourceTree = "<group>";
		};
		8A92D8E62487F841007F6649 /* Metal */ = {
			isa = PBXGroup;
			children = (
				8A0172F5248805F000D3C160 /* Shaders.metal */,
				8A0172F9248809E600D3C160 /* BufferProvider.swift */,
				8A0172FD24880A3A00D3C160 /* Light.swift */,
				8A0172FF24880A7200D3C160 /* Vertex.swift */,
				8A01730124880B0100D3C160 /* float4x4Extensions.swift */,
			);
			name = Metal;
			path = "/Users/jehanson/projects/SKT/SKT-Visualizer/Metal";
			sourceTree = "<absolute>";
		};
		8A9D599B208DFBD20022831B /* Main */ = {
			isa = PBXGroup;
			children = (
				8AF594FF208AC0420082C5DE /* AppModel.swift */,
				8A1CF01E207146540099DD97 /* LaunchScreen.storyboard */,
				8A1CF019207146510099DD97 /* Main.storyboard */,
				8AC059DD2210B25200EB6A1C /* OLD.storyboard */,
				8AA05A18208FFFD4009417A6 /* MagicStrings.swift */,
				8A1CF015207146510099DD97 /* AppDelegate.swift */,
				8A1CF021207146540099DD97 /* Info.plist */,
				8AA05A10208FC14E009417A6 /* AppModel1.swift */,
				8A591B3321E6902500B802F8 /* ModelSelectionViewController.swift */,
				8AD817FA207BFA9200426C25 /* InfoViewController.swift */,
			);
			path = Main;
			sourceTree = "<group>";
		};
		8AB2A62D21FCE1AA00A46316 /* Basins */ = {
			isa = PBXGroup;
			children = (
				8A88175B2208628700523467 /* SK2_BasinData.swift */,
				8AB2A63421FCEB5800A46316 /* SK2_Basins.swift */,
				8AB2A62E21FCE1C100A46316 /* SK2_BANode.swift */,
				8AB2A63021FCE40E00A46316 /* SK2_BAModel.swift */,
				8A88175322085CFA00523467 /* SK2_BAColors.swift */,
				8A9B149F220CF97F00A2CDAB /* SK2_BAFigure.swift */,
			);
			path = Basins;
			sourceTree = "<group>";
		};
		8AB2A63921FE4F4500A46316 /* Flow */ = {
			isa = PBXGroup;
			children = (
				8A8817632209104200523467 /* SK2_PopulationFlow.swift */,
				8AB2A63A21FE4F5C00A46316 /* SK2_PFNode.swift */,
				8AB2A63C21FE4F6B00A46316 /* SK2_PFModel.swift */,
				8A88175522085D5A00523467 /* SK2_PFRules.swift */,
				8A88175722085D7500523467 /* SK2_PFColors.swift */,
				8A88175922085E3B00523467 /* SK2_PFSequencer.swift */,
				8A88176122090F4400523467 /* SK2_PFInitializers.swift */,
				8A9B14A1220D2E0C00A2CDAB /* SK2_PFFigures.swift */,
			);
			path = Flow;
			sourceTree = "<group>";
		};
		8AB2A64021FEA84300A46316 /* Effects */ = {
			isa = PBXGroup;
			children = (
				8AB2A64121FEA8BF00A46316 /* NodesOnShell.swift */,
				8AB2A65021FF8C8C00A46316 /* NetOnShell.swift */,
				8AB2A65221FF9A1400A46316 /* Meridians.swift */,
				8A88175122084E2700523467 /* DescentLinesOnShell.swift */,
				8A9B14A5220DB58700A2CDAB /* NetInPlane.swift */,
				8A9B14AF220E0E2100A2CDAB /* NodesInPlane.swift */,
				8A9B14BF220EF8F600A2CDAB /* ColorSwitch.swift */,
				8A9B14C1220F145B00A2CDAB /* ReliefSwitch.swift */,
				8AC059F42216EF4B00EB6A1C /* NodesOnBlock.swift */,
				8A19E9AC2303296100880C97 /* SurfaceOnShell.swift */,
				8A19E9AE230329D300880C97 /* SurfaceInPlane.swift */,
			);
			path = Effects;
			sourceTree = "<group>";
		};
		8AB2A64321FEA9DC00A46316 /* Shaders */ = {
			isa = PBXGroup;
			children = (
				8AD9DAC220914E010062457C /* PointSpriteVertexShader.glsl */,
				8AD9DABF20914E010062457C /* SimpleFragmentShader.glsl */,
				8AD9DAC020914E010062457C /* TexturedFragmentShader.glsl */,
			);
			path = Shaders;
			sourceTree = "<group>";
		};
		8AC059E522155BA800EB6A1C /* Bifurcation */ = {
			isa = PBXGroup;
			children = (
				8AC059E62216E57600EB6A1C /* SK2_BDFigure.swift */,
				8AC059E82216E5EB00EB6A1C /* SK2_BDGenerator.swift */,
				8AC059EA2216E8DD00EB6A1C /* SK2_BDModel.swift */,
				8AC059EC2216EAA400EB6A1C /* SK2_BDBlockData.swift */,
			);
			path = Bifurcation;
			sourceTree = "<group>";
		};
		8AC82CC221F5C8B700A75595 /* Graphics */ = {
			isa = PBXGroup;
			children = (
				8A88174E2207F18100523467 /* Figures */,
				8AE1BD1922060E0D00D6A062 /* Effects */,
				8AB2A64321FEA9DC00A46316 /* Shaders */,
				8AE48BBA2087857C001B5D11 /* GLUtils.swift */,
				8A575FED20804759002B9951 /* ColorMaps.swift */,
				8AC82CC321F5D00E00A75595 /* Graphics.swift */,
				8AC82CE021F8874200A75595 /* GraphicsController.swift */,
				8A3C45C52086278900A1E9CD /* UniformColor.swift */,
				8A9B14B1220E19E400A2CDAB /* DSPropertyColor.swift */,
				8A9B14AB220DBCBF00A2CDAB /* UniformElevation.swift */,
			);
			path = Graphics;
			sourceTree = "<group>";
		};
		8AC82CE421F9D9A900A75595 /* SK2 */ = {
			isa = PBXGroup;
			children = (
				8A2034E621ED2A6000A4C418 /* SK2_System.swift */,
				8AE1BD152203EF4500D6A062 /* SK2_Factory.swift */,
				8AB2A63221FCE92F00A46316 /* SK2_ShellGeometry.swift */,
				8A8817652209118000523467 /* SK2_PlaneGeometry.swift */,
				8AC059E522155BA800EB6A1C /* Bifurcation */,
				8AB2A63921FE4F4500A46316 /* Flow */,
				8AB2A62D21FCE1AA00A46316 /* Basins */,
				8AB2A64021FEA84300A46316 /* Effects */,
				8A88176B220B710900523467 /* Figures */,
				8AC82CE721F9DA4000A75595 /* UI */,
			);
			path = SK2;
			sourceTree = "<group>";
		};
		8AC82CE721F9DA4000A75595 /* UI */ = {
			isa = PBXGroup;
			children = (
				8A88174A220757C000523467 /* SK2_Storyboard.storyboard */,
				8A591B3121E441FB00B802F8 /* SK2_PrimaryViewController.swift */,
				8A2034DD21EB961300A4C418 /* SK2_SecondaryViewController.swift */,
				8A88174C220791D400523467 /* SK2_TertiaryViewController.swift */,
			);
			path = UI;
			sourceTree = "<group>";
		};
		8AC82CED21F9E41A00A75595 /* Animation */ = {
			isa = PBXGroup;
			children = (
				8AC82CEB21F9E36700A75595 /* Sequencer.swift */,
				8AC82CF421FC9AED00A75595 /* AnimationController.swift */,
				8A88174F2207F21600523467 /* ParameterSweep.swift */,
				8A9B149B220C83AA00A2CDAB /* Timeseries.swift */,
			);
			path = Animation;
			sourceTree = "<group>";
		};
		8ACE78902073CCDA00C29875 /* Frameworks */ = {
			isa = PBXGroup;
			children = (
				8AF9E95122889419009AFC7E /* WebKit.framework */,
				8ACE78932073CCE400C29875 /* OpenGLES.framework */,
				8ACE78912073CCDA00C29875 /* GLKit.framework */,
			);
			name = Frameworks;
			sourceTree = "<group>";
		};
		8AD817FE207BFD9E00426C25 /* background */ = {
			isa = PBXGroup;
			children = (
				8AE48BBE2087E639001B5D11 /* background.css */,
				8A53B2A0208D9B380039C5D7 /* help.html */,
				8A75424920A8CC5100A2BFAD /* about.html */,
			);
			path = background;
			sourceTree = "<group>";
		};
		8AD81806207C9BD900426C25 /* iOS */ = {
			isa = PBXGroup;
			children = (
				8AD81807207C9BD900426C25 /* AppIcon.appiconset */,
			);
			path = iOS;
			sourceTree = "<group>";
		};
		8AD81807207C9BD900426C25 /* AppIcon.appiconset */ = {
			isa = PBXGroup;
			children = (
				8AD81808207C9BD900426C25 /* image1-40@2x.png */,
				8AD81809207C9BD900426C25 /* image1-76@2x.png */,
				8AD8180A207C9BD900426C25 /* image1-20.png */,
				8AD8180B207C9BD900426C25 /* image1-40@3x.png */,
				8AD8180C207C9BD900426C25 /* image1-40.png */,
				8AD8180D207C9BD900426C25 /* image1-29@2x.png */,
				8AD8180E207C9BD900426C25 /* image1-60@3x.png */,
				8AD8180F207C9BD900426C25 /* image1-60@2x.png */,
				8AD81810207C9BD900426C25 /* image1-1024.png */,
				8AD81811207C9BD900426C25 /* image1-29@3x.png */,
				8AD81812207C9BD900426C25 /* image1-83.5@2x.png */,
				8AD81813207C9BD900426C25 /* image1-20@3x.png */,
				8AD81814207C9BD900426C25 /* image1-76.png */,
				8AD81815207C9BD900426C25 /* image1-20@2x.png */,
				8AD81816207C9BD900426C25 /* Contents.json */,
				8AD81817207C9BD900426C25 /* image1-29.png */,
			);
			path = AppIcon.appiconset;
			sourceTree = "<group>";
		};
		8AE1BD1922060E0D00D6A062 /* Effects */ = {
			isa = PBXGroup;
			children = (
				8A9BA6B720ADD71F009C39BE /* InnerShell.swift */,
				8A84313720726F0100F06B9B /* Axes.swift */,
				8AC059F622170C1E00EB6A1C /* Cube.swift */,
				8AD9DACA20914E3D0062457C /* Balls.swift */,
				8ACE788C2072E51800C29875 /* Icosahedron.swift */,
				8ACB503F20AC92DC00878612 /* BusySpinner.swift */,
			);
			path = Effects;
			sourceTree = "<group>";
		};
		8AE1BD1A22060E7200D6A062 /* Common */ = {
			isa = PBXGroup;
			children = (
				8AF59504208AC6DB0082C5DE /* UI */,
				8AF5320C2088B63E009D1882 /* PhysicalSystem */,
				8AC82CC221F5C8B700A75595 /* Graphics */,
				8AC82CED21F9E41A00A75595 /* Animation */,
				8A0C09A220716B050017AC4C /* Utilities */,
			);
			path = Common;
			sourceTree = "<group>";
		};
		8AF138B7207B8966001A88C6 /* Resources */ = {
			isa = PBXGroup;
			children = (
				8ACB504320ACAE4300878612 /* busy.png */,
				8A1CF01C207146540099DD97 /* Assets.xcassets */,
				8A3BBBBE208BF29A00669227 /* splash.jpg */,
				8AD81806207C9BD900426C25 /* iOS */,
				8AD817FE207BFD9E00426C25 /* background */,
			);
			path = Resources;
			sourceTree = "<group>";
		};
		8AF5320C2088B63E009D1882 /* PhysicalSystem */ = {
			isa = PBXGroup;
			children = (
				8A4654BF21E8E38300EE2B26 /* PhysicalSystem.swift */,
				8AB2A63621FDEDEC00A46316 /* DiscreteSystem.swift */,
				8A9B149D220C94AC00A2CDAB /* Dynamic.swift */,
			);
			name = PhysicalSystem;
			path = SystemModel;
			sourceTree = "<group>";
		};
		8AF59504208AC6DB0082C5DE /* UI */ = {
			isa = PBXGroup;
			children = (
				8AF98F9F207FE8350007688E /* GraphicsViewController.swift */,
				8A41B09B21F357F600DE38CB /* FigureSelectionViewController.swift */,
				8AE1BD11220097E300D6A062 /* SequencerSelectionViewController.swift */,
				8A8817462207484800523467 /* UIUtils.swift */,
			);
			path = UI;
			sourceTree = "<group>";
		};
/* End PBXGroup section */

/* Begin PBXNativeTarget section */
		8A1CF011207146510099DD97 /* SKT Visualizer */ = {
			isa = PBXNativeTarget;
			buildConfigurationList = 8A1CF024207146540099DD97 /* Build configuration list for PBXNativeTarget "SKT Visualizer" */;
			buildPhases = (
				8A1CF00E207146510099DD97 /* Sources */,
				8A1CF00F207146510099DD97 /* Frameworks */,
				8A1CF010207146510099DD97 /* Resources */,
			);
			buildRules = (
			);
			dependencies = (
			);
			name = "SKT Visualizer";
			productName = "SKT Visualizer";
			productReference = 8A1CF012207146510099DD97 /* SKT Visualizer.app */;
			productType = "com.apple.product-type.application";
		};
/* End PBXNativeTarget section */

/* Begin PBXProject section */
		8A1CF00A207146510099DD97 /* Project object */ = {
			isa = PBXProject;
			attributes = {
				LastSwiftUpdateCheck = 0930;
				LastUpgradeCheck = 0930;
				ORGANIZATIONNAME = "James Hanson";
				TargetAttributes = {
					8A1CF011207146510099DD97 = {
						CreatedOnToolsVersion = 9.3;
						LastSwiftMigration = 1020;
					};
				};
			};
			buildConfigurationList = 8A1CF00D207146510099DD97 /* Build configuration list for PBXProject "SKT-Visualizer" */;
			compatibilityVersion = "Xcode 9.3";
			developmentRegion = en;
			hasScannedForEncodings = 0;
			knownRegions = (
				en,
				Base,
			);
			mainGroup = 8A1CF009207146510099DD97;
			productRefGroup = 8A1CF013207146510099DD97 /* Products */;
			projectDirPath = "";
			projectRoot = "";
			targets = (
				8A1CF011207146510099DD97 /* SKT Visualizer */,
			);
		};
/* End PBXProject section */

/* Begin PBXResourcesBuildPhase section */
		8A1CF010207146510099DD97 /* Resources */ = {
			isa = PBXResourcesBuildPhase;
			buildActionMask = 2147483647;
			files = (
				8AE18F9F2099ED8A0086F127 /* backgroundCalculation.txt in Resources */,
				8AD81822207C9BD900426C25 /* image1-29@3x.png in Resources */,
				8AD8181E207C9BD900426C25 /* image1-29@2x.png in Resources */,
				8AF98FA7207FE9CF0007688E /* README.md in Resources */,
				8AD8181A207C9BD900426C25 /* image1-76@2x.png in Resources */,
				8AF98F96207FE7D60007688E /* LICENSE in Resources */,
				8ACB504420ACAE4400878612 /* busy.png in Resources */,
				8A53B2A1208D9B380039C5D7 /* help.html in Resources */,
				8AC059E12211BFC900EB6A1C /* ToNotDo.txt in Resources */,
				8A3BBBBF208BF29A00669227 /* splash.jpg in Resources */,
				8AD8181D207C9BD900426C25 /* image1-40.png in Resources */,
				8AE8AADD21C8737E00E90914 /* _newUI.txt in Resources */,
				8AD8181C207C9BD900426C25 /* image1-40@3x.png in Resources */,
				8AD9DAC820914E020062457C /* PointSpriteVertexShader.glsl in Resources */,
				8AD9DAC620914E020062457C /* TexturedFragmentShader.glsl in Resources */,
				8AD8181F207C9BD900426C25 /* image1-60@3x.png in Resources */,
				8AD81823207C9BD900426C25 /* image1-83.5@2x.png in Resources */,
				8AC059E322137F3C00EB6A1C /* Done.txt in Resources */,
				8AE18FA52099EFF30086F127 /* code.txt in Resources */,
				8AD81825207C9BD900426C25 /* image1-76.png in Resources */,
				8A97BBF422243EA100E520C9 /* SK3_Notes.txt in Resources */,
				8A131C91207160100088F2FC /* _miscNotes.txt in Resources */,
				8AC059DE2210B25200EB6A1C /* OLD.storyboard in Resources */,
				8AD81821207C9BD900426C25 /* image1-1024.png in Resources */,
				8AE48BBF2087E63A001B5D11 /* background.css in Resources */,
				8AD8181B207C9BD900426C25 /* image1-20.png in Resources */,
				8AD81828207C9BD900426C25 /* image1-29.png in Resources */,
				8AD81826207C9BD900426C25 /* image1-20@2x.png in Resources */,
				8AD81820207C9BD900426C25 /* image1-60@2x.png in Resources */,
				8A1CF020207146540099DD97 /* LaunchScreen.storyboard in Resources */,
				8A75424A20A8CC5100A2BFAD /* about.html in Resources */,
				8AD81824207C9BD900426C25 /* image1-20@3x.png in Resources */,
				8A88174B220757C000523467 /* SK2_Storyboard.storyboard in Resources */,
				8AD81827207C9BD900426C25 /* Contents.json in Resources */,
				8AD9DAC520914E020062457C /* SimpleFragmentShader.glsl in Resources */,
				8A1CF01D207146540099DD97 /* Assets.xcassets in Resources */,
				8AD81819207C9BD900426C25 /* image1-40@2x.png in Resources */,
				8A1CF01B207146520099DD97 /* Main.storyboard in Resources */,
				8AE18FA12099ED8A0086F127 /* lookAndFeel.txt in Resources */,
				8AAF6DFF208167A800E4C9BF /* ToDo.txt in Resources */,
			);
			runOnlyForDeploymentPostprocessing = 0;
		};
/* End PBXResourcesBuildPhase section */

/* Begin PBXSourcesBuildPhase section */
		8A1CF00E207146510099DD97 /* Sources */ = {
			isa = PBXSourcesBuildPhase;
			buildActionMask = 2147483647;
			files = (
				8AB2A63D21FE4F6B00A46316 /* SK2_PFModel.swift in Sources */,
				8AE48BBB2087857C001B5D11 /* GLUtils.swift in Sources */,
				8A2A32D720AB881600D4D619 /* WorkQueue.swift in Sources */,
				8AC059ED2216EAA400EB6A1C /* SK2_BDBlockData.swift in Sources */,
				8A8817502207F21600523467 /* ParameterSweep.swift in Sources */,
				8AB2A64721FEBF0800A46316 /* SK2_SimpleDataSource.swift in Sources */,
				8A9B14C2220F145B00A2CDAB /* ReliefSwitch.swift in Sources */,
				8A41B09C21F357F600DE38CB /* FigureSelectionViewController.swift in Sources */,
				8A1CF016207146510099DD97 /* AppDelegate.swift in Sources */,
				8A2034E721ED2A6000A4C418 /* SK2_System.swift in Sources */,
				8A19E9AB2303220300880C97 /* SK2E_LogOccupation.swift in Sources */,
				8A9B14CA220F529400A2CDAB /* SK2E_Occupation.swift in Sources */,
				8AC82CEC21F9E36700A75595 /* Sequencer.swift in Sources */,
				8A022093248C594600F3A91D /* CubeFigure21.swift in Sources */,
				8A575FEE20804759002B9951 /* ColorMaps.swift in Sources */,
				8A022097248D1A3000F3A91D /* Registry21.swift in Sources */,
				8AB2A65321FF9A1400A46316 /* Meridians.swift in Sources */,
				8A9B14C0220EF8F600A2CDAB /* ColorSwitch.swift in Sources */,
				8ACE788D2072E51800C29875 /* Icosahedron.swift in Sources */,
				8AE1BD182203FD5E00D6A062 /* SK1_Factory.swift in Sources */,
				8A9B14A8220DB88900A2CDAB /* PlaneFigure.swift in Sources */,
				8A591B3421E6902500B802F8 /* ModelSelectionViewController.swift in Sources */,
				8A41B09021F0ACA500DE38CB /* Parameters.swift in Sources */,
				8AB2A63721FDEDEC00A46316 /* DiscreteSystem.swift in Sources */,
				8A88174D220791D400523467 /* SK2_TertiaryViewController.swift in Sources */,
				8A9B14A2220D2E0C00A2CDAB /* SK2_PFFigures.swift in Sources */,
				8AC059EB2216E8DD00EB6A1C /* SK2_BDModel.swift in Sources */,
				8AC059F32216EE2B00EB6A1C /* SK2_BlockBase.swift in Sources */,
				8A022085248BD84E00F3A91D /* Graphics21.swift in Sources */,
				8AD817FC207BFA9200426C25 /* InfoViewController.swift in Sources */,
				8A88175A22085E3B00523467 /* SK2_PFSequencer.swift in Sources */,
				8A591B3221E441FB00B802F8 /* SK2_PrimaryViewController.swift in Sources */,
				8A01730224880B0100D3C160 /* float4x4Extensions.swift in Sources */,
				8A02207A248BBD8700F3A91D /* AppConstants21.swift in Sources */,
				8AB2A64521FEB24900A46316 /* Geometry.swift in Sources */,
				8AB2A63521FCEB5800A46316 /* SK2_Basins.swift in Sources */,
				8A022089248BD94400F3A91D /* Visualization21.swift in Sources */,
				8A8817642209104200523467 /* SK2_PopulationFlow.swift in Sources */,
				8AC82CD921F6668000A75595 /* ShellFigure.swift in Sources */,
				8A0172F02488032100D3C160 /* MetalFigure.swift in Sources */,
				8A41A2F2208398E900CDDF28 /* NumericConstants.swift in Sources */,
				8AB2A63B21FE4F5C00A46316 /* SK2_PFNode.swift in Sources */,
				8A0172FE24880A3A00D3C160 /* Light.swift in Sources */,
				8A02208F248BE9FA00F3A91D /* AppModel21.swift in Sources */,
				8AB2A62C21FCE0D500A46316 /* SK3_System.swift in Sources */,
				8A9B14B2220E19E400A2CDAB /* DSPropertyColor.swift in Sources */,
				8A2034DE21EB961300A4C418 /* SK2_SecondaryViewController.swift in Sources */,
				8A0172FA248809E600D3C160 /* BufferProvider.swift in Sources */,
				8AB2A64221FEA8BF00A46316 /* NodesOnShell.swift in Sources */,
				8A022091248BEB6400F3A91D /* Demos21.swift in Sources */,
				8AC059F12216ED4C00EB6A1C /* BlockFigure.swift in Sources */,
				8AB2A63321FCE92F00A46316 /* SK2_ShellGeometry.swift in Sources */,
				8A9B149E220C94AC00A2CDAB /* Dynamic.swift in Sources */,
				8AA05A13208FCB58009417A6 /* ChangeSupport.swift in Sources */,
				8A84313820726F0100F06B9B /* Axes.swift in Sources */,
				8A9B14AC220DBCBF00A2CDAB /* UniformElevation.swift in Sources */,
				8ABEEC3B20803A2F008E72F4 /* Surface.swift in Sources */,
				8A88175222084E2700523467 /* DescentLinesOnShell.swift in Sources */,
				8AC82CF521FC9AED00A75595 /* AnimationController.swift in Sources */,
				8A88175422085CFA00523467 /* SK2_BAColors.swift in Sources */,
				8AC059E72216E57600EB6A1C /* SK2_BDFigure.swift in Sources */,
				8A01730024880A7200D3C160 /* Vertex.swift in Sources */,
				8A19E9AD2303296100880C97 /* SurfaceOnShell.swift in Sources */,
				8A19E9AF230329D300880C97 /* SurfaceInPlane.swift in Sources */,
				8AE1BD162203EF4500D6A062 /* SK2_Factory.swift in Sources */,
				8A3C45C62086278900A1E9CD /* UniformColor.swift in Sources */,
				8AC82CE121F8874200A75595 /* GraphicsController.swift in Sources */,
				8A9B14C8220F427B00A2CDAB /* SK2_PlaneBase.swift in Sources */,
				8AB2A62F21FCE1C100A46316 /* SK2_BANode.swift in Sources */,
				8AC059F52216EF4B00EB6A1C /* NodesOnBlock.swift in Sources */,
				8AE1BD12220097E300D6A062 /* SequencerSelectionViewController.swift in Sources */,
				8A02208B248BD9DB00F3A91D /* Effect21.swift in Sources */,
				8A9B14CC220F543000A2CDAB /* SK2E_Entropy.swift in Sources */,
				8AC059E92216E5EB00EB6A1C /* SK2_BDGenerator.swift in Sources */,
				8A9B14BE220EE96A00A2CDAB /* SK2E_Energy.swift in Sources */,
				8A0172F6248805F000D3C160 /* Shaders.metal in Sources */,
				8A9B14C6220F421800A2CDAB /* SK2_ShellBase.swift in Sources */,
				8ACB504020AC92DC00878612 /* BusySpinner.swift in Sources */,
				8AD9DACB20914E3D0062457C /* Balls.swift in Sources */,
				8A9B14BC220E5CAE00A2CDAB /* SK2_BaseFigure.swift in Sources */,
				8AC82CC421F5D00E00A75595 /* Graphics.swift in Sources */,
				8AA05A19208FFFD4009417A6 /* MagicStrings.swift in Sources */,
				8A2034DC21EB76AC00A4C418 /* ButtonWithImage.swift in Sources */,
				8AF98FA1207FE8350007688E /* GraphicsViewController.swift in Sources */,
				8A9B149C220C83AA00A2CDAB /* Timeseries.swift in Sources */,
				8A0172EA2487F8B100D3C160 /* MetalCube.swift in Sources */,
				8A9B14B0220E0E2100A2CDAB /* NodesInPlane.swift in Sources */,
				8A88176222090F4400523467 /* SK2_PFInitializers.swift in Sources */,
				8A8817472207484800523467 /* UIUtils.swift in Sources */,
				8AB2A65121FF8C8C00A46316 /* NetOnShell.swift in Sources */,
				8A75B690208A317D00EACD13 /* Registry.swift in Sources */,
				8ACE789E2073F7A400C29875 /* Utils.swift in Sources */,
				8A4654C021E8E38300EE2B26 /* PhysicalSystem.swift in Sources */,
				8AA05A11208FC14E009417A6 /* AppModel1.swift in Sources */,
				8AB2A63121FCE40E00A46316 /* SK2_BAModel.swift in Sources */,
				8A2034E221ED0F4E00A4C418 /* SK1_System.swift in Sources */,
				8A022087248BD8D200F3A91D /* Figure21.swift in Sources */,
				8A88175C2208628700523467 /* SK2_BasinData.swift in Sources */,
				8AF59500208AC0420082C5DE /* AppModel.swift in Sources */,
				8A9B14A6220DB58700A2CDAB /* NetInPlane.swift in Sources */,
				8A9B14C4220F327300A2CDAB /* SK2_SystemFigure.swift in Sources */,
				8A0172EE2488029200D3C160 /* FigureViewController.swift in Sources */,
				8A02208D248BE6A300F3A91D /* EmptyFigure21.swift in Sources */,
				8A9B14CE220F8FCF00A2CDAB /* SK2_LogDataSource.swift in Sources */,
				8A8817662209118000523467 /* SK2_PlaneGeometry.swift in Sources */,
				8A9BA6B820ADD71F009C39BE /* InnerShell.swift in Sources */,
				8A9B14A0220CF97F00A2CDAB /* SK2_BAFigure.swift in Sources */,
				8A88175822085D7500523467 /* SK2_PFColors.swift in Sources */,
				8AC059F722170C1E00EB6A1C /* Cube.swift in Sources */,
				8A88175622085D5A00523467 /* SK2_PFRules.swift in Sources */,
			);
			runOnlyForDeploymentPostprocessing = 0;
		};
/* End PBXSourcesBuildPhase section */

/* Begin PBXVariantGroup section */
		8A1CF019207146510099DD97 /* Main.storyboard */ = {
			isa = PBXVariantGroup;
			children = (
				8A1CF01A207146520099DD97 /* Base */,
			);
			name = Main.storyboard;
			sourceTree = "<group>";
		};
		8A1CF01E207146540099DD97 /* LaunchScreen.storyboard */ = {
			isa = PBXVariantGroup;
			children = (
				8A1CF01F207146540099DD97 /* Base */,
			);
			name = LaunchScreen.storyboard;
			sourceTree = "<group>";
		};
/* End PBXVariantGroup section */

/* Begin XCBuildConfiguration section */
		8A1CF022207146540099DD97 /* Debug */ = {
			isa = XCBuildConfiguration;
			buildSettings = {
				ALWAYS_SEARCH_USER_PATHS = NO;
				CLANG_ANALYZER_NONNULL = YES;
				CLANG_ANALYZER_NUMBER_OBJECT_CONVERSION = YES_AGGRESSIVE;
				CLANG_CXX_LANGUAGE_STANDARD = "gnu++14";
				CLANG_CXX_LIBRARY = "libc++";
				CLANG_ENABLE_MODULES = YES;
				CLANG_ENABLE_OBJC_ARC = YES;
				CLANG_ENABLE_OBJC_WEAK = YES;
				CLANG_WARN_BLOCK_CAPTURE_AUTORELEASING = YES;
				CLANG_WARN_BOOL_CONVERSION = YES;
				CLANG_WARN_COMMA = YES;
				CLANG_WARN_CONSTANT_CONVERSION = YES;
				CLANG_WARN_DEPRECATED_OBJC_IMPLEMENTATIONS = YES;
				CLANG_WARN_DIRECT_OBJC_ISA_USAGE = YES_ERROR;
				CLANG_WARN_DOCUMENTATION_COMMENTS = YES;
				CLANG_WARN_EMPTY_BODY = YES;
				CLANG_WARN_ENUM_CONVERSION = YES;
				CLANG_WARN_INFINITE_RECURSION = YES;
				CLANG_WARN_INT_CONVERSION = YES;
				CLANG_WARN_NON_LITERAL_NULL_CONVERSION = YES;
				CLANG_WARN_OBJC_IMPLICIT_RETAIN_SELF = YES;
				CLANG_WARN_OBJC_LITERAL_CONVERSION = YES;
				CLANG_WARN_OBJC_ROOT_CLASS = YES_ERROR;
				CLANG_WARN_RANGE_LOOP_ANALYSIS = YES;
				CLANG_WARN_STRICT_PROTOTYPES = YES;
				CLANG_WARN_SUSPICIOUS_MOVE = YES;
				CLANG_WARN_UNGUARDED_AVAILABILITY = YES_AGGRESSIVE;
				CLANG_WARN_UNREACHABLE_CODE = YES;
				CLANG_WARN__DUPLICATE_METHOD_MATCH = YES;
				CODE_SIGN_IDENTITY = "iPhone Developer";
				COPY_PHASE_STRIP = NO;
				DEBUG_INFORMATION_FORMAT = dwarf;
				ENABLE_STRICT_OBJC_MSGSEND = YES;
				ENABLE_TESTABILITY = YES;
				GCC_C_LANGUAGE_STANDARD = gnu11;
				GCC_DYNAMIC_NO_PIC = NO;
				GCC_NO_COMMON_BLOCKS = YES;
				GCC_OPTIMIZATION_LEVEL = 0;
				GCC_PREPROCESSOR_DEFINITIONS = (
					"DEBUG=1",
					"$(inherited)",
				);
				GCC_WARN_64_TO_32_BIT_CONVERSION = YES;
				GCC_WARN_ABOUT_RETURN_TYPE = YES_ERROR;
				GCC_WARN_UNDECLARED_SELECTOR = YES;
				GCC_WARN_UNINITIALIZED_AUTOS = YES_AGGRESSIVE;
				GCC_WARN_UNUSED_FUNCTION = YES;
				GCC_WARN_UNUSED_VARIABLE = YES;
				IPHONEOS_DEPLOYMENT_TARGET = 11.3;
				MTL_ENABLE_DEBUG_INFO = YES;
				ONLY_ACTIVE_ARCH = YES;
				SDKROOT = iphoneos;
				SWIFT_ACTIVE_COMPILATION_CONDITIONS = DEBUG;
				SWIFT_OPTIMIZATION_LEVEL = "-Onone";
			};
			name = Debug;
		};
		8A1CF023207146540099DD97 /* Release */ = {
			isa = XCBuildConfiguration;
			buildSettings = {
				ALWAYS_SEARCH_USER_PATHS = NO;
				CLANG_ANALYZER_NONNULL = YES;
				CLANG_ANALYZER_NUMBER_OBJECT_CONVERSION = YES_AGGRESSIVE;
				CLANG_CXX_LANGUAGE_STANDARD = "gnu++14";
				CLANG_CXX_LIBRARY = "libc++";
				CLANG_ENABLE_MODULES = YES;
				CLANG_ENABLE_OBJC_ARC = YES;
				CLANG_ENABLE_OBJC_WEAK = YES;
				CLANG_WARN_BLOCK_CAPTURE_AUTORELEASING = YES;
				CLANG_WARN_BOOL_CONVERSION = YES;
				CLANG_WARN_COMMA = YES;
				CLANG_WARN_CONSTANT_CONVERSION = YES;
				CLANG_WARN_DEPRECATED_OBJC_IMPLEMENTATIONS = YES;
				CLANG_WARN_DIRECT_OBJC_ISA_USAGE = YES_ERROR;
				CLANG_WARN_DOCUMENTATION_COMMENTS = YES;
				CLANG_WARN_EMPTY_BODY = YES;
				CLANG_WARN_ENUM_CONVERSION = YES;
				CLANG_WARN_INFINITE_RECURSION = YES;
				CLANG_WARN_INT_CONVERSION = YES;
				CLANG_WARN_NON_LITERAL_NULL_CONVERSION = YES;
				CLANG_WARN_OBJC_IMPLICIT_RETAIN_SELF = YES;
				CLANG_WARN_OBJC_LITERAL_CONVERSION = YES;
				CLANG_WARN_OBJC_ROOT_CLASS = YES_ERROR;
				CLANG_WARN_RANGE_LOOP_ANALYSIS = YES;
				CLANG_WARN_STRICT_PROTOTYPES = YES;
				CLANG_WARN_SUSPICIOUS_MOVE = YES;
				CLANG_WARN_UNGUARDED_AVAILABILITY = YES_AGGRESSIVE;
				CLANG_WARN_UNREACHABLE_CODE = YES;
				CLANG_WARN__DUPLICATE_METHOD_MATCH = YES;
				CODE_SIGN_IDENTITY = "iPhone Developer";
				COPY_PHASE_STRIP = NO;
				DEBUG_INFORMATION_FORMAT = "dwarf-with-dsym";
				ENABLE_NS_ASSERTIONS = NO;
				ENABLE_STRICT_OBJC_MSGSEND = YES;
				GCC_C_LANGUAGE_STANDARD = gnu11;
				GCC_NO_COMMON_BLOCKS = YES;
				GCC_WARN_64_TO_32_BIT_CONVERSION = YES;
				GCC_WARN_ABOUT_RETURN_TYPE = YES_ERROR;
				GCC_WARN_UNDECLARED_SELECTOR = YES;
				GCC_WARN_UNINITIALIZED_AUTOS = YES_AGGRESSIVE;
				GCC_WARN_UNUSED_FUNCTION = YES;
				GCC_WARN_UNUSED_VARIABLE = YES;
				IPHONEOS_DEPLOYMENT_TARGET = 11.3;
				MTL_ENABLE_DEBUG_INFO = NO;
				SDKROOT = iphoneos;
				SWIFT_COMPILATION_MODE = wholemodule;
				SWIFT_OPTIMIZATION_LEVEL = "-O";
				VALIDATE_PRODUCT = YES;
			};
			name = Release;
		};
		8A1CF025207146540099DD97 /* Debug */ = {
			isa = XCBuildConfiguration;
			buildSettings = {
				ASSETCATALOG_COMPILER_APPICON_NAME = AppIcon;
				ASSETCATALOG_COMPILER_LAUNCHIMAGE_NAME = LaunchImage;
				CODE_SIGN_STYLE = Automatic;
				CURRENT_PROJECT_VERSION = 15;
				DEVELOPMENT_TEAM = L4ZL5MDU6B;
				INFOPLIST_FILE = "$(SRCROOT)/Main/Info.plist";
				IPHONEOS_DEPLOYMENT_TARGET = 11.0;
				LD_RUNPATH_SEARCH_PATHS = (
					"$(inherited)",
					"@executable_path/Frameworks",
				);
				PRODUCT_BUNDLE_IDENTIFIER = "self.SKT-Visualizer";
				PRODUCT_NAME = "$(TARGET_NAME)";
				SWIFT_VERSION = 5.0;
				TARGETED_DEVICE_FAMILY = 2;
			};
			name = Debug;
		};
		8A1CF026207146540099DD97 /* Release */ = {
			isa = XCBuildConfiguration;
			buildSettings = {
				ASSETCATALOG_COMPILER_APPICON_NAME = AppIcon;
				ASSETCATALOG_COMPILER_LAUNCHIMAGE_NAME = LaunchImage;
				CODE_SIGN_STYLE = Automatic;
				CURRENT_PROJECT_VERSION = 15;
				DEVELOPMENT_TEAM = L4ZL5MDU6B;
				INFOPLIST_FILE = "$(SRCROOT)/Main/Info.plist";
				IPHONEOS_DEPLOYMENT_TARGET = 11.0;
				LD_RUNPATH_SEARCH_PATHS = (
					"$(inherited)",
					"@executable_path/Frameworks",
				);
				PRODUCT_BUNDLE_IDENTIFIER = "self.SKT-Visualizer";
				PRODUCT_NAME = "$(TARGET_NAME)";
				SWIFT_VERSION = 5.0;
				TARGETED_DEVICE_FAMILY = 2;
			};
			name = Release;
		};
/* End XCBuildConfiguration section */

/* Begin XCConfigurationList section */
		8A1CF00D207146510099DD97 /* Build configuration list for PBXProject "SKT-Visualizer" */ = {
			isa = XCConfigurationList;
			buildConfigurations = (
				8A1CF022207146540099DD97 /* Debug */,
				8A1CF023207146540099DD97 /* Release */,
			);
			defaultConfigurationIsVisible = 0;
			defaultConfigurationName = Release;
		};
		8A1CF024207146540099DD97 /* Build configuration list for PBXNativeTarget "SKT Visualizer" */ = {
			isa = XCConfigurationList;
			buildConfigurations = (
				8A1CF025207146540099DD97 /* Debug */,
				8A1CF026207146540099DD97 /* Release */,
			);
			defaultConfigurationIsVisible = 0;
			defaultConfigurationName = Release;
		};
/* End XCConfigurationList section */
	};
	rootObject = 8A1CF00A207146510099DD97 /* Project object */;
}
